// !$*UTF8*$!
{
	archiveVersion = 1;
	classes = {
	};
	objectVersion = 56;
	objects = {

/* Begin PBXBuildFile section */
		5134D8CB2A03F3A000DCFDC1 /* AppDelegate.swift in Sources */ = {isa = PBXBuildFile; fileRef = 5134D8CA2A03F3A000DCFDC1 /* AppDelegate.swift */; };
		5134D8CD2A03F3A000DCFDC1 /* SceneDelegate.swift in Sources */ = {isa = PBXBuildFile; fileRef = 5134D8CC2A03F3A000DCFDC1 /* SceneDelegate.swift */; };
		5134D8CF2A03F3A000DCFDC1 /* ViewController.swift in Sources */ = {isa = PBXBuildFile; fileRef = 5134D8CE2A03F3A000DCFDC1 /* ViewController.swift */; };
		5134D8D22A03F3A000DCFDC1 /* Main.storyboard in Resources */ = {isa = PBXBuildFile; fileRef = 5134D8D02A03F3A000DCFDC1 /* Main.storyboard */; };
		5134D8D42A03F3A200DCFDC1 /* Assets.xcassets in Resources */ = {isa = PBXBuildFile; fileRef = 5134D8D32A03F3A200DCFDC1 /* Assets.xcassets */; };
		5134D8D72A03F3A200DCFDC1 /* LaunchScreen.storyboard in Resources */ = {isa = PBXBuildFile; fileRef = 5134D8D52A03F3A200DCFDC1 /* LaunchScreen.storyboard */; };
		5169F4FB2A053B2B003666A9 /* VIewControllerOtp.swift in Sources */ = {isa = PBXBuildFile; fileRef = 5169F4FA2A053B2B003666A9 /* VIewControllerOtp.swift */; };
/* End PBXBuildFile section */

/* Begin PBXFileReference section */
		5134D8C72A03F3A000DCFDC1 /* OtpVerify.app */ = {isa = PBXFileReference; explicitFileType = wrapper.application; includeInIndex = 0; path = OtpVerify.app; sourceTree = BUILT_PRODUCTS_DIR; };
		5134D8CA2A03F3A000DCFDC1 /* AppDelegate.swift */ = {isa = PBXFileReference; lastKnownFileType = sourcecode.swift; path = AppDelegate.swift; sourceTree = "<group>"; };
		5134D8CC2A03F3A000DCFDC1 /* SceneDelegate.swift */ = {isa = PBXFileReference; lastKnownFileType = sourcecode.swift; path = SceneDelegate.swift; sourceTree = "<group>"; };
		5134D8CE2A03F3A000DCFDC1 /* ViewController.swift */ = {isa = PBXFileReference; lastKnownFileType = sourcecode.swift; path = ViewController.swift; sourceTree = "<group>"; };
		5134D8D12A03F3A000DCFDC1 /* Base */ = {isa = PBXFileReference; lastKnownFileType = file.storyboard; name = Base; path = Base.lproj/Main.storyboard; sourceTree = "<group>"; };
		5134D8D32A03F3A200DCFDC1 /* Assets.xcassets */ = {isa = PBXFileReference; lastKnownFileType = folder.assetcatalog; path = Assets.xcassets; sourceTree = "<group>"; };
		5134D8D62A03F3A200DCFDC1 /* Base */ = {isa = PBXFileReference; lastKnownFileType = file.storyboard; name = Base; path = Base.lproj/LaunchScreen.storyboard; sourceTree = "<group>"; };
		5134D8D82A03F3A200DCFDC1 /* Info.plist */ = {isa = PBXFileReference; lastKnownFileType = text.plist.xml; path = Info.plist; sourceTree = "<group>"; };
		5169F4FA2A053B2B003666A9 /* VIewControllerOtp.swift */ = {isa = PBXFileReference; lastKnownFileType = sourcecode.swift; path = VIewControllerOtp.swift; sourceTree = "<group>"; };
/* End PBXFileReference section */

/* Begin PBXFrameworksBuildPhase section */
		5134D8C42A03F3A000DCFDC1 /* Frameworks */ = {
			isa = PBXFrameworksBuildPhase;
			buildActionMask = 2147483647;
			files = (
			);
			runOnlyForDeploymentPostprocessing = 0;
		};
/* End PBXFrameworksBuildPhase section */

/* Begin PBXGroup section */
		5134D8BE2A03F3A000DCFDC1 = {
			isa = PBXGroup;
			children = (
				5134D8C92A03F3A000DCFDC1 /* OtpVerify */,
				5134D8C82A03F3A000DCFDC1 /* Products */,
			);
			sourceTree = "<group>";
		};
		5134D8C82A03F3A000DCFDC1 /* Products */ = {
			isa = PBXGroup;
			children = (
				5134D8C72A03F3A000DCFDC1 /* OtpVerify.app */,
			);
			name = Products;
			sourceTree = "<group>";
		};
		5134D8C92A03F3A000DCFDC1 /* OtpVerify */ = {
			isa = PBXGroup;
			children = (
				5134D8CA2A03F3A000DCFDC1 /* AppDelegate.swift */,
				5134D8CC2A03F3A000DCFDC1 /* SceneDelegate.swift */,
				5134D8CE2A03F3A000DCFDC1 /* ViewController.swift */,
				5134D8D02A03F3A000DCFDC1 /* Main.storyboard */,
				5134D8D32A03F3A200DCFDC1 /* Assets.xcassets */,
				5134D8D52A03F3A200DCFDC1 /* LaunchScreen.storyboard */,
				5134D8D82A03F3A200DCFDC1 /* Info.plist */,
				5169F4FA2A053B2B003666A9 /* VIewControllerOtp.swift */,
			);
			path = OtpVerify;
			sourceTree = "<group>";
		};
/* End PBXGroup section */

/* Begin PBXNativeTarget section */
		5134D8C62A03F3A000DCFDC1 /* OtpVerify */ = {
			isa = PBXNativeTarget;
			buildConfigurationList = 5134D8DB2A03F3A200DCFDC1 /* Build configuration list for PBXNativeTarget "OtpVerify" */;
			buildPhases = (
				5134D8C32A03F3A000DCFDC1 /* Sources */,
				5134D8C42A03F3A000DCFDC1 /* Frameworks */,
				5134D8C52A03F3A000DCFDC1 /* Resources */,
			);
			buildRules = (
			);
			dependencies = (
			);
			name = OtpVerify;
			productName = OtpVerify;
			productReference = 5134D8C72A03F3A000DCFDC1 /* OtpVerify.app */;
			productType = "com.apple.product-type.application";
		};
/* End PBXNativeTarget section */

/* Begin PBXProject section */
		5134D8BF2A03F3A000DCFDC1 /* Project object */ = {
			isa = PBXProject;
			attributes = {
				BuildIndependentTargetsInParallel = 1;
				LastSwiftUpdateCheck = 1420;
				LastUpgradeCheck = 1420;
				TargetAttributes = {
					5134D8C62A03F3A000DCFDC1 = {
						CreatedOnToolsVersion = 14.2;
					};
				};
			};
			buildConfigurationList = 5134D8C22A03F3A000DCFDC1 /* Build configuration list for PBXProject "OtpVerify" */;
			compatibilityVersion = "Xcode 14.0";
			developmentRegion = en;
			hasScannedForEncodings = 0;
			knownRegions = (
				en,
				Base,
			);
			mainGroup = 5134D8BE2A03F3A000DCFDC1;
			productRefGroup = 5134D8C82A03F3A000DCFDC1 /* Products */;
			projectDirPath = "";
			projectRoot = "";
			targets = (
				5134D8C62A03F3A000DCFDC1 /* OtpVerify */,
			);
		};
/* End PBXProject section */

/* Begin PBXResourcesBuildPhase section */
		5134D8C52A03F3A000DCFDC1 /* Resources */ = {
			isa = PBXResourcesBuildPhase;
			buildActionMask = 2147483647;
			files = (
				5134D8D72A03F3A200DCFDC1 /* LaunchScreen.storyboard in Resources */,
				5134D8D42A03F3A200DCFDC1 /* Assets.xcassets in Resources */,
				5134D8D22A03F3A000DCFDC1 /* Main.storyboard in Resources */,
			);
			runOnlyForDeploymentPostprocessing = 0;
		};
/* End PBXResourcesBuildPhase section */

/* Begin PBXSourcesBuildPhase section */
		5134D8C32A03F3A000DCFDC1 /* Sources */ = {
			isa = PBXSourcesBuildPhase;
			buildActionMask = 2147483647;
			files = (
				5169F4FB2A053B2B003666A9 /* VIewControllerOtp.swift in Sources */,
				5134D8CF2A03F3A000DCFDC1 /* ViewController.swift in Sources */,
				5134D8CB2A03F3A000DCFDC1 /* AppDelegate.swift in Sources */,
				5134D8CD2A03F3A000DCFDC1 /* SceneDelegate.swift in Sources */,
			);
			runOnlyForDeploymentPostprocessing = 0;
		};
/* End PBXSourcesBuildPhase section */

/* Begin PBXVariantGroup section */
		5134D8D02A03F3A000DCFDC1 /* Main.storyboard */ = {
			isa = PBXVariantGroup;
			children = (
				5134D8D12A03F3A000DCFDC1 /* Base */,
			);
			name = Main.storyboard;
			sourceTree = "<group>";
		};
		5134D8D52A03F3A200DCFDC1 /* LaunchScreen.storyboard */ = {
			isa = PBXVariantGroup;
			children = (
				5134D8D62A03F3A200DCFDC1 /* Base */,
			);
			name = LaunchScreen.storyboard;
			sourceTree = "<group>";
		};
/* End PBXVariantGroup section */

/* Begin XCBuildConfiguration section */
		5134D8D92A03F3A200DCFDC1 /* Debug */ = {
			isa = XCBuildConfiguration;
			buildSettings = {
				ALWAYS_SEARCH_USER_PATHS = NO;
				CLANG_ANALYZER_NONNULL = YES;
				CLANG_ANALYZER_NUMBER_OBJECT_CONVERSION = YES_AGGRESSIVE;
				CLANG_CXX_LANGUAGE_STANDARD = "gnu++20";
				CLANG_ENABLE_MODULES = YES;
				CLANG_ENABLE_OBJC_ARC = YES;
				CLANG_ENABLE_OBJC_WEAK = YES;
				CLANG_WARN_BLOCK_CAPTURE_AUTORELEASING = YES;
				CLANG_WARN_BOOL_CONVERSION = YES;
				CLANG_WARN_COMMA = YES;
				CLANG_WARN_CONSTANT_CONVERSION = YES;
				CLANG_WARN_DEPRECATED_OBJC_IMPLEMENTATIONS = YES;
				CLANG_WARN_DIRECT_OBJC_ISA_USAGE = YES_ERROR;
				CLANG_WARN_DOCUMENTATION_COMMENTS = YES;
				CLANG_WARN_EMPTY_BODY = YES;
				CLANG_WARN_ENUM_CONVERSION = YES;
				CLANG_WARN_INFINITE_RECURSION = YES;
				CLANG_WARN_INT_CONVERSION = YES;
				CLANG_WARN_NON_LITERAL_NULL_CONVERSION = YES;
				CLANG_WARN_OBJC_IMPLICIT_RETAIN_SELF = YES;
				CLANG_WARN_OBJC_LITERAL_CONVERSION = YES;
				CLANG_WARN_OBJC_ROOT_CLASS = YES_ERROR;
				CLANG_WARN_QUOTED_INCLUDE_IN_FRAMEWORK_HEADER = YES;
				CLANG_WARN_RANGE_LOOP_ANALYSIS = YES;
				CLANG_WARN_STRICT_PROTOTYPES = YES;
				CLANG_WARN_SUSPICIOUS_MOVE = YES;
				CLANG_WARN_UNGUARDED_AVAILABILITY = YES_AGGRESSIVE;
				CLANG_WARN_UNREACHABLE_CODE = YES;
				CLANG_WARN__DUPLICATE_METHOD_MATCH = YES;
				COPY_PHASE_STRIP = NO;
				DEBUG_INFORMATION_FORMAT = dwarf;
				ENABLE_STRICT_OBJC_MSGSEND = YES;
				ENABLE_TESTABILITY = YES;
				GCC_C_LANGUAGE_STANDARD = gnu11;
				GCC_DYNAMIC_NO_PIC = NO;
				GCC_NO_COMMON_BLOCKS = YES;
				GCC_OPTIMIZATION_LEVEL = 0;
				GCC_PREPROCESSOR_DEFINITIONS = (
					"DEBUG=1",
					"$(inherited)",
				);
				GCC_WARN_64_TO_32_BIT_CONVERSION = YES;
				GCC_WARN_ABOUT_RETURN_TYPE = YES_ERROR;
				GCC_WARN_UNDECLARED_SELECTOR = YES;
				GCC_WARN_UNINITIALIZED_AUTOS = YES_AGGRESSIVE;
				GCC_WARN_UNUSED_FUNCTION = YES;
				GCC_WARN_UNUSED_VARIABLE = YES;
				IPHONEOS_DEPLOYMENT_TARGET = 16.2;
				MTL_ENABLE_DEBUG_INFO = INCLUDE_SOURCE;
				MTL_FAST_MATH = YES;
				ONLY_ACTIVE_ARCH = YES;
				SDKROOT = iphoneos;
				SWIFT_ACTIVE_COMPILATION_CONDITIONS = DEBUG;
				SWIFT_OPTIMIZATION_LEVEL = "-Onone";
			};
			name = Debug;
		};
		5134D8DA2A03F3A200DCFDC1 /* Release */ = {
			isa = XCBuildConfiguration;
			buildSettings = {
				ALWAYS_SEARCH_USER_PATHS = NO;
				CLANG_ANALYZER_NONNULL = YES;
				CLANG_ANALYZER_NUMBER_OBJECT_CONVERSION = YES_AGGRESSIVE;
				CLANG_CXX_LANGUAGE_STANDARD = "gnu++20";
				CLANG_ENABLE_MODULES = YES;
				CLANG_ENABLE_OBJC_ARC = YES;
				CLANG_ENABLE_OBJC_WEAK = YES;
				CLANG_WARN_BLOCK_CAPTURE_AUTORELEASING = YES;
				CLANG_WARN_BOOL_CONVERSION = YES;
				CLANG_WARN_COMMA = YES;
				CLANG_WARN_CONSTANT_CONVERSION = YES;
				CLANG_WARN_DEPRECATED_OBJC_IMPLEMENTATIONS = YES;
				CLANG_WARN_DIRECT_OBJC_ISA_USAGE = YES_ERROR;
				CLANG_WARN_DOCUMENTATION_COMMENTS = YES;
				CLANG_WARN_EMPTY_BODY = YES;
				CLANG_WARN_ENUM_CONVERSION = YES;
				CLANG_WARN_INFINITE_RECURSION = YES;
				CLANG_WARN_INT_CONVERSION = YES;
				CLANG_WARN_NON_LITERAL_NULL_CONVERSION = YES;
				CLANG_WARN_OBJC_IMPLICIT_RETAIN_SELF = YES;
				CLANG_WARN_OBJC_LITERAL_CONVERSION = YES;
				CLANG_WARN_OBJC_ROOT_CLASS = YES_ERROR;
				CLANG_WARN_QUOTED_INCLUDE_IN_FRAMEWORK_HEADER = YES;
				CLANG_WARN_RANGE_LOOP_ANALYSIS = YES;
				CLANG_WARN_STRICT_PROTOTYPES = YES;
				CLANG_WARN_SUSPICIOUS_MOVE = YES;
				CLANG_WARN_UNGUARDED_AVAILABILITY = YES_AGGRESSIVE;
				CLANG_WARN_UNREACHABLE_CODE = YES;
				CLANG_WARN__DUPLICATE_METHOD_MATCH = YES;
				COPY_PHASE_STRIP = NO;
				DEBUG_INFORMATION_FORMAT = "dwarf-with-dsym";
				ENABLE_NS_ASSERTIONS = NO;
				ENABLE_STRICT_OBJC_MSGSEND = YES;
				GCC_C_LANGUAGE_STANDARD = gnu11;
				GCC_NO_COMMON_BLOCKS = YES;
				GCC_WARN_64_TO_32_BIT_CONVERSION = YES;
				GCC_WARN_ABOUT_RETURN_TYPE = YES_ERROR;
				GCC_WARN_UNDECLARED_SELECTOR = YES;
				GCC_WARN_UNINITIALIZED_AUTOS = YES_AGGRESSIVE;
				GCC_WARN_UNUSED_FUNCTION = YES;
				GCC_WARN_UNUSED_VARIABLE = YES;
				IPHONEOS_DEPLOYMENT_TARGET = 16.2;
				MTL_ENABLE_DEBUG_INFO = NO;
				MTL_FAST_MATH = YES;
				SDKROOT = iphoneos;
				SWIFT_COMPILATION_MODE = wholemodule;
				SWIFT_OPTIMIZATION_LEVEL = "-O";
				VALIDATE_PRODUCT = YES;
			};
			name = Release;
		};
		5134D8DC2A03F3A200DCFDC1 /* Debug */ = {
			isa = XCBuildConfiguration;
			buildSettings = {
				ASSETCATALOG_COMPILER_APPICON_NAME = AppIcon;
				ASSETCATALOG_COMPILER_GLOBAL_ACCENT_COLOR_NAME = AccentColor;
				CODE_SIGN_STYLE = Automatic;
				CURRENT_PROJECT_VERSION = 1;
				GENERATE_INFOPLIST_FILE = YES;
				INFOPLIST_FILE = OtpVerify/Info.plist;
				INFOPLIST_KEY_UIApplicationSupportsIndirectInputEvents = YES;
				INFOPLIST_KEY_UILaunchStoryboardName = LaunchScreen;
				INFOPLIST_KEY_UIMainStoryboardFile = Main;
				INFOPLIST_KEY_UISupportedInterfaceOrientations_iPad = "UIInterfaceOrientationPortrait UIInterfaceOrientationPortraitUpsideDown UIInterfaceOrientationLandscapeLeft UIInterfaceOrientationLandscapeRight";
				INFOPLIST_KEY_UISupportedInterfaceOrientations_iPhone = "UIInterfaceOrientationPortrait UIInterfaceOrientationLandscapeLeft UIInterfaceOrientationLandscapeRight";
				LD_RUNPATH_SEARCH_PATHS = (
					"$(inherited)",
					"@executable_path/Frameworks",
				);
				MARKETING_VERSION = 1.0;
				PRODUCT_BUNDLE_IDENTIFIER = com.simform.OtpVerify;
				PRODUCT_NAME = "$(TARGET_NAME)";
				SWIFT_EMIT_LOC_STRINGS = YES;
				SWIFT_VERSION = 5.0;
				TARGETED_DEVICE_FAMILY = "1,2";
			};
			name = Debug;
		};
		5134D8DD2A03F3A200DCFDC1 /* Release */ = {
			isa = XCBuildConfiguration;
			buildSettings = {
				ASSETCATALOG_COMPILER_APPICON_NAME = AppIcon;
				ASSETCATALOG_COMPILER_GLOBAL_ACCENT_COLOR_NAME = AccentColor;
				CODE_SIGN_STYLE = Automatic;
				CURRENT_PROJECT_VERSION = 1;
				GENERATE_INFOPLIST_FILE = YES;
				INFOPLIST_FILE = OtpVerify/Info.plist;
				INFOPLIST_KEY_UIApplicationSupportsIndirectInputEvents = YES;
				INFOPLIST_KEY_UILaunchStoryboardName = LaunchScreen;
				INFOPLIST_KEY_UIMainStoryboardFile = Main;
				INFOPLIST_KEY_UISupportedInterfaceOrientations_iPad = "UIInterfaceOrientationPortrait UIInterfaceOrientationPortraitUpsideDown UIInterfaceOrientationLandscapeLeft UIInterfaceOrientationLandscapeRight";
				INFOPLIST_KEY_UISupportedInterfaceOrientations_iPhone = "UIInterfaceOrientationPortrait UIInterfaceOrientationLandscapeLeft UIInterfaceOrientationLandscapeRight";
				LD_RUNPATH_SEARCH_PATHS = (
					"$(inherited)",
					"@executable_path/Frameworks",
				);
				MARKETING_VERSION = 1.0;
				PRODUCT_BUNDLE_IDENTIFIER = com.simform.OtpVerify;
				PRODUCT_NAME = "$(TARGET_NAME)";
				SWIFT_EMIT_LOC_STRINGS = YES;
				SWIFT_VERSION = 5.0;
				TARGETED_DEVICE_FAMILY = "1,2";
			};
			name = Release;
		};
/* End XCBuildConfiguration section */

/* Begin XCConfigurationList section */
		5134D8C22A03F3A000DCFDC1 /* Build configuration list for PBXProject "OtpVerify" */ = {
			isa = XCConfigurationList;
			buildConfigurations = (
				5134D8D92A03F3A200DCFDC1 /* Debug */,
				5134D8DA2A03F3A200DCFDC1 /* Release */,
			);
			defaultConfigurationIsVisible = 0;
			defaultConfigurationName = Release;
		};
		5134D8DB2A03F3A200DCFDC1 /* Build configuration list for PBXNativeTarget "OtpVerify" */ = {
			isa = XCConfigurationList;
			buildConfigurations = (
				5134D8DC2A03F3A200DCFDC1 /* Debug */,
				5134D8DD2A03F3A200DCFDC1 /* Release */,
			);
			defaultConfigurationIsVisible = 0;
			defaultConfigurationName = Release;
		};
/* End XCConfigurationList section */
	};
	rootObject = 5134D8BF2A03F3A000DCFDC1 /* Project object */;
}
