// !$*UTF8*$!
{
	archiveVersion = 1;
	classes = {
	};
	objectVersion = 56;
	objects = {

/* Begin PBXBuildFile section */
		5147289A2A1388DA0009CE1B /* AppDelegate.swift in Sources */ = {isa = PBXBuildFile; fileRef = 514728992A1388DA0009CE1B /* AppDelegate.swift */; };
		5147289C2A1388DA0009CE1B /* SceneDelegate.swift in Sources */ = {isa = PBXBuildFile; fileRef = 5147289B2A1388DA0009CE1B /* SceneDelegate.swift */; };
		5147289E2A1388DA0009CE1B /* ViewController.swift in Sources */ = {isa = PBXBuildFile; fileRef = 5147289D2A1388DA0009CE1B /* ViewController.swift */; };
		514728A12A1388DA0009CE1B /* Main.storyboard in Resources */ = {isa = PBXBuildFile; fileRef = 5147289F2A1388DA0009CE1B /* Main.storyboard */; };
		514728A32A1388DC0009CE1B /* Assets.xcassets in Resources */ = {isa = PBXBuildFile; fileRef = 514728A22A1388DC0009CE1B /* Assets.xcassets */; };
		514728A62A1388DC0009CE1B /* LaunchScreen.storyboard in Resources */ = {isa = PBXBuildFile; fileRef = 514728A42A1388DC0009CE1B /* LaunchScreen.storyboard */; };
		514728AF2A13892E0009CE1B /* ResizeTableViewCell.swift in Sources */ = {isa = PBXBuildFile; fileRef = 514728AD2A13892E0009CE1B /* ResizeTableViewCell.swift */; };
		514728B02A13892E0009CE1B /* ResizeTableViewCell.xib in Resources */ = {isa = PBXBuildFile; fileRef = 514728AE2A13892E0009CE1B /* ResizeTableViewCell.xib */; };
		514728B32A1389840009CE1B /* ResizeTableViewCell2.swift in Sources */ = {isa = PBXBuildFile; fileRef = 514728B12A1389840009CE1B /* ResizeTableViewCell2.swift */; };
		514728B42A1389840009CE1B /* ResizeTableViewCell2.xib in Resources */ = {isa = PBXBuildFile; fileRef = 514728B22A1389840009CE1B /* ResizeTableViewCell2.xib */; };
/* End PBXBuildFile section */

/* Begin PBXFileReference section */
		514728962A1388DA0009CE1B /* AutomaticDimension.app */ = {isa = PBXFileReference; explicitFileType = wrapper.application; includeInIndex = 0; path = AutomaticDimension.app; sourceTree = BUILT_PRODUCTS_DIR; };
		514728992A1388DA0009CE1B /* AppDelegate.swift */ = {isa = PBXFileReference; lastKnownFileType = sourcecode.swift; path = AppDelegate.swift; sourceTree = "<group>"; };
		5147289B2A1388DA0009CE1B /* SceneDelegate.swift */ = {isa = PBXFileReference; lastKnownFileType = sourcecode.swift; path = SceneDelegate.swift; sourceTree = "<group>"; };
		5147289D2A1388DA0009CE1B /* ViewController.swift */ = {isa = PBXFileReference; lastKnownFileType = sourcecode.swift; path = ViewController.swift; sourceTree = "<group>"; };
		514728A02A1388DA0009CE1B /* Base */ = {isa = PBXFileReference; lastKnownFileType = file.storyboard; name = Base; path = Base.lproj/Main.storyboard; sourceTree = "<group>"; };
		514728A22A1388DC0009CE1B /* Assets.xcassets */ = {isa = PBXFileReference; lastKnownFileType = folder.assetcatalog; path = Assets.xcassets; sourceTree = "<group>"; };
		514728A52A1388DC0009CE1B /* Base */ = {isa = PBXFileReference; lastKnownFileType = file.storyboard; name = Base; path = Base.lproj/LaunchScreen.storyboard; sourceTree = "<group>"; };
		514728A72A1388DC0009CE1B /* Info.plist */ = {isa = PBXFileReference; lastKnownFileType = text.plist.xml; path = Info.plist; sourceTree = "<group>"; };
		514728AD2A13892E0009CE1B /* ResizeTableViewCell.swift */ = {isa = PBXFileReference; lastKnownFileType = sourcecode.swift; path = ResizeTableViewCell.swift; sourceTree = "<group>"; };
		514728AE2A13892E0009CE1B /* ResizeTableViewCell.xib */ = {isa = PBXFileReference; lastKnownFileType = file.xib; path = ResizeTableViewCell.xib; sourceTree = "<group>"; };
		514728B12A1389840009CE1B /* ResizeTableViewCell2.swift */ = {isa = PBXFileReference; lastKnownFileType = sourcecode.swift; path = ResizeTableViewCell2.swift; sourceTree = "<group>"; };
		514728B22A1389840009CE1B /* ResizeTableViewCell2.xib */ = {isa = PBXFileReference; lastKnownFileType = file.xib; path = ResizeTableViewCell2.xib; sourceTree = "<group>"; };
/* End PBXFileReference section */

/* Begin PBXFrameworksBuildPhase section */
		514728932A1388DA0009CE1B /* Frameworks */ = {
			isa = PBXFrameworksBuildPhase;
			buildActionMask = 2147483647;
			files = (
			);
			runOnlyForDeploymentPostprocessing = 0;
		};
/* End PBXFrameworksBuildPhase section */

/* Begin PBXGroup section */
		5147288D2A1388DA0009CE1B = {
			isa = PBXGroup;
			children = (
				514728982A1388DA0009CE1B /* AutomaticDimension */,
				514728972A1388DA0009CE1B /* Products */,
			);
			sourceTree = "<group>";
		};
		514728972A1388DA0009CE1B /* Products */ = {
			isa = PBXGroup;
			children = (
				514728962A1388DA0009CE1B /* AutomaticDimension.app */,
			);
			name = Products;
			sourceTree = "<group>";
		};
		514728982A1388DA0009CE1B /* AutomaticDimension */ = {
			isa = PBXGroup;
			children = (
				514728992A1388DA0009CE1B /* AppDelegate.swift */,
				5147289B2A1388DA0009CE1B /* SceneDelegate.swift */,
				5147289D2A1388DA0009CE1B /* ViewController.swift */,
				5147289F2A1388DA0009CE1B /* Main.storyboard */,
				514728A22A1388DC0009CE1B /* Assets.xcassets */,
				514728A42A1388DC0009CE1B /* LaunchScreen.storyboard */,
				514728A72A1388DC0009CE1B /* Info.plist */,
				514728AD2A13892E0009CE1B /* ResizeTableViewCell.swift */,
				514728AE2A13892E0009CE1B /* ResizeTableViewCell.xib */,
				514728B12A1389840009CE1B /* ResizeTableViewCell2.swift */,
				514728B22A1389840009CE1B /* ResizeTableViewCell2.xib */,
			);
			path = AutomaticDimension;
			sourceTree = "<group>";
		};
/* End PBXGroup section */

/* Begin PBXNativeTarget section */
		514728952A1388DA0009CE1B /* AutomaticDimension */ = {
			isa = PBXNativeTarget;
			buildConfigurationList = 514728AA2A1388DC0009CE1B /* Build configuration list for PBXNativeTarget "AutomaticDimension" */;
			buildPhases = (
				514728922A1388DA0009CE1B /* Sources */,
				514728932A1388DA0009CE1B /* Frameworks */,
				514728942A1388DA0009CE1B /* Resources */,
			);
			buildRules = (
			);
			dependencies = (
			);
			name = AutomaticDimension;
			productName = AutomaticDimension;
			productReference = 514728962A1388DA0009CE1B /* AutomaticDimension.app */;
			productType = "com.apple.product-type.application";
		};
/* End PBXNativeTarget section */

/* Begin PBXProject section */
		5147288E2A1388DA0009CE1B /* Project object */ = {
			isa = PBXProject;
			attributes = {
				BuildIndependentTargetsInParallel = 1;
				LastSwiftUpdateCheck = 1420;
				LastUpgradeCheck = 1420;
				TargetAttributes = {
					514728952A1388DA0009CE1B = {
						CreatedOnToolsVersion = 14.2;
					};
				};
			};
			buildConfigurationList = 514728912A1388DA0009CE1B /* Build configuration list for PBXProject "AutomaticDimension" */;
			compatibilityVersion = "Xcode 14.0";
			developmentRegion = en;
			hasScannedForEncodings = 0;
			knownRegions = (
				en,
				Base,
			);
			mainGroup = 5147288D2A1388DA0009CE1B;
			productRefGroup = 514728972A1388DA0009CE1B /* Products */;
			projectDirPath = "";
			projectRoot = "";
			targets = (
				514728952A1388DA0009CE1B /* AutomaticDimension */,
			);
		};
/* End PBXProject section */

/* Begin PBXResourcesBuildPhase section */
		514728942A1388DA0009CE1B /* Resources */ = {
			isa = PBXResourcesBuildPhase;
			buildActionMask = 2147483647;
			files = (
				514728A62A1388DC0009CE1B /* LaunchScreen.storyboard in Resources */,
				514728B02A13892E0009CE1B /* ResizeTableViewCell.xib in Resources */,
				514728B42A1389840009CE1B /* ResizeTableViewCell2.xib in Resources */,
				514728A32A1388DC0009CE1B /* Assets.xcassets in Resources */,
				514728A12A1388DA0009CE1B /* Main.storyboard in Resources */,
			);
			runOnlyForDeploymentPostprocessing = 0;
		};
/* End PBXResourcesBuildPhase section */

/* Begin PBXSourcesBuildPhase section */
		514728922A1388DA0009CE1B /* Sources */ = {
			isa = PBXSourcesBuildPhase;
			buildActionMask = 2147483647;
			files = (
				514728B32A1389840009CE1B /* ResizeTableViewCell2.swift in Sources */,
				5147289E2A1388DA0009CE1B /* ViewController.swift in Sources */,
				514728AF2A13892E0009CE1B /* ResizeTableViewCell.swift in Sources */,
				5147289A2A1388DA0009CE1B /* AppDelegate.swift in Sources */,
				5147289C2A1388DA0009CE1B /* SceneDelegate.swift in Sources */,
			);
			runOnlyForDeploymentPostprocessing = 0;
		};
/* End PBXSourcesBuildPhase section */

/* Begin PBXVariantGroup section */
		5147289F2A1388DA0009CE1B /* Main.storyboard */ = {
			isa = PBXVariantGroup;
			children = (
				514728A02A1388DA0009CE1B /* Base */,
			);
			name = Main.storyboard;
			sourceTree = "<group>";
		};
		514728A42A1388DC0009CE1B /* LaunchScreen.storyboard */ = {
			isa = PBXVariantGroup;
			children = (
				514728A52A1388DC0009CE1B /* Base */,
			);
			name = LaunchScreen.storyboard;
			sourceTree = "<group>";
		};
/* End PBXVariantGroup section */

/* Begin XCBuildConfiguration section */
		514728A82A1388DC0009CE1B /* Debug */ = {
			isa = XCBuildConfiguration;
			buildSettings = {
				ALWAYS_SEARCH_USER_PATHS = NO;
				CLANG_ANALYZER_NONNULL = YES;
				CLANG_ANALYZER_NUMBER_OBJECT_CONVERSION = YES_AGGRESSIVE;
				CLANG_CXX_LANGUAGE_STANDARD = "gnu++20";
				CLANG_ENABLE_MODULES = YES;
				CLANG_ENABLE_OBJC_ARC = YES;
				CLANG_ENABLE_OBJC_WEAK = YES;
				CLANG_WARN_BLOCK_CAPTURE_AUTORELEASING = YES;
				CLANG_WARN_BOOL_CONVERSION = YES;
				CLANG_WARN_COMMA = YES;
				CLANG_WARN_CONSTANT_CONVERSION = YES;
				CLANG_WARN_DEPRECATED_OBJC_IMPLEMENTATIONS = YES;
				CLANG_WARN_DIRECT_OBJC_ISA_USAGE = YES_ERROR;
				CLANG_WARN_DOCUMENTATION_COMMENTS = YES;
				CLANG_WARN_EMPTY_BODY = YES;
				CLANG_WARN_ENUM_CONVERSION = YES;
				CLANG_WARN_INFINITE_RECURSION = YES;
				CLANG_WARN_INT_CONVERSION = YES;
				CLANG_WARN_NON_LITERAL_NULL_CONVERSION = YES;
				CLANG_WARN_OBJC_IMPLICIT_RETAIN_SELF = YES;
				CLANG_WARN_OBJC_LITERAL_CONVERSION = YES;
				CLANG_WARN_OBJC_ROOT_CLASS = YES_ERROR;
				CLANG_WARN_QUOTED_INCLUDE_IN_FRAMEWORK_HEADER = YES;
				CLANG_WARN_RANGE_LOOP_ANALYSIS = YES;
				CLANG_WARN_STRICT_PROTOTYPES = YES;
				CLANG_WARN_SUSPICIOUS_MOVE = YES;
				CLANG_WARN_UNGUARDED_AVAILABILITY = YES_AGGRESSIVE;
				CLANG_WARN_UNREACHABLE_CODE = YES;
				CLANG_WARN__DUPLICATE_METHOD_MATCH = YES;
				COPY_PHASE_STRIP = NO;
				DEBUG_INFORMATION_FORMAT = dwarf;
				ENABLE_STRICT_OBJC_MSGSEND = YES;
				ENABLE_TESTABILITY = YES;
				GCC_C_LANGUAGE_STANDARD = gnu11;
				GCC_DYNAMIC_NO_PIC = NO;
				GCC_NO_COMMON_BLOCKS = YES;
				GCC_OPTIMIZATION_LEVEL = 0;
				GCC_PREPROCESSOR_DEFINITIONS = (
					"DEBUG=1",
					"$(inherited)",
				);
				GCC_WARN_64_TO_32_BIT_CONVERSION = YES;
				GCC_WARN_ABOUT_RETURN_TYPE = YES_ERROR;
				GCC_WARN_UNDECLARED_SELECTOR = YES;
				GCC_WARN_UNINITIALIZED_AUTOS = YES_AGGRESSIVE;
				GCC_WARN_UNUSED_FUNCTION = YES;
				GCC_WARN_UNUSED_VARIABLE = YES;
				IPHONEOS_DEPLOYMENT_TARGET = 16.2;
				MTL_ENABLE_DEBUG_INFO = INCLUDE_SOURCE;
				MTL_FAST_MATH = YES;
				ONLY_ACTIVE_ARCH = YES;
				SDKROOT = iphoneos;
				SWIFT_ACTIVE_COMPILATION_CONDITIONS = DEBUG;
				SWIFT_OPTIMIZATION_LEVEL = "-Onone";
			};
			name = Debug;
		};
		514728A92A1388DC0009CE1B /* Release */ = {
			isa = XCBuildConfiguration;
			buildSettings = {
				ALWAYS_SEARCH_USER_PATHS = NO;
				CLANG_ANALYZER_NONNULL = YES;
				CLANG_ANALYZER_NUMBER_OBJECT_CONVERSION = YES_AGGRESSIVE;
				CLANG_CXX_LANGUAGE_STANDARD = "gnu++20";
				CLANG_ENABLE_MODULES = YES;
				CLANG_ENABLE_OBJC_ARC = YES;
				CLANG_ENABLE_OBJC_WEAK = YES;
				CLANG_WARN_BLOCK_CAPTURE_AUTORELEASING = YES;
				CLANG_WARN_BOOL_CONVERSION = YES;
				CLANG_WARN_COMMA = YES;
				CLANG_WARN_CONSTANT_CONVERSION = YES;
				CLANG_WARN_DEPRECATED_OBJC_IMPLEMENTATIONS = YES;
				CLANG_WARN_DIRECT_OBJC_ISA_USAGE = YES_ERROR;
				CLANG_WARN_DOCUMENTATION_COMMENTS = YES;
				CLANG_WARN_EMPTY_BODY = YES;
				CLANG_WARN_ENUM_CONVERSION = YES;
				CLANG_WARN_INFINITE_RECURSION = YES;
				CLANG_WARN_INT_CONVERSION = YES;
				CLANG_WARN_NON_LITERAL_NULL_CONVERSION = YES;
				CLANG_WARN_OBJC_IMPLICIT_RETAIN_SELF = YES;
				CLANG_WARN_OBJC_LITERAL_CONVERSION = YES;
				CLANG_WARN_OBJC_ROOT_CLASS = YES_ERROR;
				CLANG_WARN_QUOTED_INCLUDE_IN_FRAMEWORK_HEADER = YES;
				CLANG_WARN_RANGE_LOOP_ANALYSIS = YES;
				CLANG_WARN_STRICT_PROTOTYPES = YES;
				CLANG_WARN_SUSPICIOUS_MOVE = YES;
				CLANG_WARN_UNGUARDED_AVAILABILITY = YES_AGGRESSIVE;
				CLANG_WARN_UNREACHABLE_CODE = YES;
				CLANG_WARN__DUPLICATE_METHOD_MATCH = YES;
				COPY_PHASE_STRIP = NO;
				DEBUG_INFORMATION_FORMAT = "dwarf-with-dsym";
				ENABLE_NS_ASSERTIONS = NO;
				ENABLE_STRICT_OBJC_MSGSEND = YES;
				GCC_C_LANGUAGE_STANDARD = gnu11;
				GCC_NO_COMMON_BLOCKS = YES;
				GCC_WARN_64_TO_32_BIT_CONVERSION = YES;
				GCC_WARN_ABOUT_RETURN_TYPE = YES_ERROR;
				GCC_WARN_UNDECLARED_SELECTOR = YES;
				GCC_WARN_UNINITIALIZED_AUTOS = YES_AGGRESSIVE;
				GCC_WARN_UNUSED_FUNCTION = YES;
				GCC_WARN_UNUSED_VARIABLE = YES;
				IPHONEOS_DEPLOYMENT_TARGET = 16.2;
				MTL_ENABLE_DEBUG_INFO = NO;
				MTL_FAST_MATH = YES;
				SDKROOT = iphoneos;
				SWIFT_COMPILATION_MODE = wholemodule;
				SWIFT_OPTIMIZATION_LEVEL = "-O";
				VALIDATE_PRODUCT = YES;
			};
			name = Release;
		};
		514728AB2A1388DC0009CE1B /* Debug */ = {
			isa = XCBuildConfiguration;
			buildSettings = {
				ASSETCATALOG_COMPILER_APPICON_NAME = AppIcon;
				ASSETCATALOG_COMPILER_GLOBAL_ACCENT_COLOR_NAME = AccentColor;
				CODE_SIGN_STYLE = Automatic;
				CURRENT_PROJECT_VERSION = 1;
				GENERATE_INFOPLIST_FILE = YES;
				INFOPLIST_FILE = AutomaticDimension/Info.plist;
				INFOPLIST_KEY_UIApplicationSupportsIndirectInputEvents = YES;
				INFOPLIST_KEY_UILaunchStoryboardName = LaunchScreen;
				INFOPLIST_KEY_UIMainStoryboardFile = Main;
				INFOPLIST_KEY_UISupportedInterfaceOrientations_iPad = "UIInterfaceOrientationPortrait UIInterfaceOrientationPortraitUpsideDown UIInterfaceOrientationLandscapeLeft UIInterfaceOrientationLandscapeRight";
				INFOPLIST_KEY_UISupportedInterfaceOrientations_iPhone = "UIInterfaceOrientationPortrait UIInterfaceOrientationLandscapeLeft UIInterfaceOrientationLandscapeRight";
				LD_RUNPATH_SEARCH_PATHS = (
					"$(inherited)",
					"@executable_path/Frameworks",
				);
				MARKETING_VERSION = 1.0;
				PRODUCT_BUNDLE_IDENTIFIER = com.simform.AutomaticDimension;
				PRODUCT_NAME = "$(TARGET_NAME)";
				SWIFT_EMIT_LOC_STRINGS = YES;
				SWIFT_VERSION = 5.0;
				TARGETED_DEVICE_FAMILY = "1,2";
			};
			name = Debug;
		};
		514728AC2A1388DC0009CE1B /* Release */ = {
			isa = XCBuildConfiguration;
			buildSettings = {
				ASSETCATALOG_COMPILER_APPICON_NAME = AppIcon;
				ASSETCATALOG_COMPILER_GLOBAL_ACCENT_COLOR_NAME = AccentColor;
				CODE_SIGN_STYLE = Automatic;
				CURRENT_PROJECT_VERSION = 1;
				GENERATE_INFOPLIST_FILE = YES;
				INFOPLIST_FILE = AutomaticDimension/Info.plist;
				INFOPLIST_KEY_UIApplicationSupportsIndirectInputEvents = YES;
				INFOPLIST_KEY_UILaunchStoryboardName = LaunchScreen;
				INFOPLIST_KEY_UIMainStoryboardFile = Main;
				INFOPLIST_KEY_UISupportedInterfaceOrientations_iPad = "UIInterfaceOrientationPortrait UIInterfaceOrientationPortraitUpsideDown UIInterfaceOrientationLandscapeLeft UIInterfaceOrientationLandscapeRight";
				INFOPLIST_KEY_UISupportedInterfaceOrientations_iPhone = "UIInterfaceOrientationPortrait UIInterfaceOrientationLandscapeLeft UIInterfaceOrientationLandscapeRight";
				LD_RUNPATH_SEARCH_PATHS = (
					"$(inherited)",
					"@executable_path/Frameworks",
				);
				MARKETING_VERSION = 1.0;
				PRODUCT_BUNDLE_IDENTIFIER = com.simform.AutomaticDimension;
				PRODUCT_NAME = "$(TARGET_NAME)";
				SWIFT_EMIT_LOC_STRINGS = YES;
				SWIFT_VERSION = 5.0;
				TARGETED_DEVICE_FAMILY = "1,2";
			};
			name = Release;
		};
/* End XCBuildConfiguration section */

/* Begin XCConfigurationList section */
		514728912A1388DA0009CE1B /* Build configuration list for PBXProject "AutomaticDimension" */ = {
			isa = XCConfigurationList;
			buildConfigurations = (
				514728A82A1388DC0009CE1B /* Debug */,
				514728A92A1388DC0009CE1B /* Release */,
			);
			defaultConfigurationIsVisible = 0;
			defaultConfigurationName = Release;
		};
		514728AA2A1388DC0009CE1B /* Build configuration list for PBXNativeTarget "AutomaticDimension" */ = {
			isa = XCConfigurationList;
			buildConfigurations = (
				514728AB2A1388DC0009CE1B /* Debug */,
				514728AC2A1388DC0009CE1B /* Release */,
			);
			defaultConfigurationIsVisible = 0;
			defaultConfigurationName = Release;
		};
/* End XCConfigurationList section */
	};
	rootObject = 5147288E2A1388DA0009CE1B /* Project object */;
}
