// !$*UTF8*$!
{
	archiveVersion = 1;
	classes = {
	};
	objectVersion = 56;
	objects = {

/* Begin PBXBuildFile section */
		5151E97F2A2B3E1B008699CD /* DocumentStatus.swift in Sources */ = {isa = PBXBuildFile; fileRef = 5151E97E2A2B3E1B008699CD /* DocumentStatus.swift */; };
		5151E9822A2B5AA2008699CD /* FormViewController.swift in Sources */ = {isa = PBXBuildFile; fileRef = 5151E9812A2B5AA2008699CD /* FormViewController.swift */; };
		5151E9842A2B5C1F008699CD /* ActualGradientButton.swift in Sources */ = {isa = PBXBuildFile; fileRef = 5151E9832A2B5C1F008699CD /* ActualGradientButton.swift */; };
		5151E9862A2B6293008699CD /* UITextFieldCustomImage.swift in Sources */ = {isa = PBXBuildFile; fileRef = 5151E9852A2B6293008699CD /* UITextFieldCustomImage.swift */; };
		51C6DD6D2A30820D000E6E4C /* KeyboardHelper.swift in Sources */ = {isa = PBXBuildFile; fileRef = 51C6DD6C2A30820D000E6E4C /* KeyboardHelper.swift */; };
		51CD6D642A2DBA0500464C1F /* SectionDetailsModel.swift in Sources */ = {isa = PBXBuildFile; fileRef = 51CD6D632A2DBA0500464C1F /* SectionDetailsModel.swift */; };
		51CD6D662A2DC0A800464C1F /* AppConstants.swift in Sources */ = {isa = PBXBuildFile; fileRef = 51CD6D652A2DC0A800464C1F /* AppConstants.swift */; };
		51EEE17A2A29D5E700816C0D /* AppDelegate.swift in Sources */ = {isa = PBXBuildFile; fileRef = 51EEE1792A29D5E700816C0D /* AppDelegate.swift */; };
		51EEE17C2A29D5E700816C0D /* SceneDelegate.swift in Sources */ = {isa = PBXBuildFile; fileRef = 51EEE17B2A29D5E700816C0D /* SceneDelegate.swift */; };
		51EEE17E2A29D5E700816C0D /* ViewController.swift in Sources */ = {isa = PBXBuildFile; fileRef = 51EEE17D2A29D5E700816C0D /* ViewController.swift */; };
		51EEE1812A29D5E700816C0D /* Main.storyboard in Resources */ = {isa = PBXBuildFile; fileRef = 51EEE17F2A29D5E700816C0D /* Main.storyboard */; };
		51EEE1832A29D5E800816C0D /* Assets.xcassets in Resources */ = {isa = PBXBuildFile; fileRef = 51EEE1822A29D5E800816C0D /* Assets.xcassets */; };
		51EEE1862A29D5E800816C0D /* LaunchScreen.storyboard in Resources */ = {isa = PBXBuildFile; fileRef = 51EEE1842A29D5E800816C0D /* LaunchScreen.storyboard */; };
		51EEE18E2A29DEFF00816C0D /* TextFieldCustom.swift in Sources */ = {isa = PBXBuildFile; fileRef = 51EEE18D2A29DEFF00816C0D /* TextFieldCustom.swift */; };
		51EEE1902A29E8C200816C0D /* RoundedBottomView.swift in Sources */ = {isa = PBXBuildFile; fileRef = 51EEE18F2A29E8C200816C0D /* RoundedBottomView.swift */; };
		51EEE1942A29F3E300816C0D /* DocumentTableViewCell.swift in Sources */ = {isa = PBXBuildFile; fileRef = 51EEE1922A29F3E300816C0D /* DocumentTableViewCell.swift */; };
		51EEE1952A29F3E300816C0D /* DocumentTableViewCell.xib in Resources */ = {isa = PBXBuildFile; fileRef = 51EEE1932A29F3E300816C0D /* DocumentTableViewCell.xib */; };
		51EEE1982A2A02BB00816C0D /* DeleteTableViewCell.swift in Sources */ = {isa = PBXBuildFile; fileRef = 51EEE1962A2A02BB00816C0D /* DeleteTableViewCell.swift */; };
		51EEE1992A2A02BB00816C0D /* DeleteTableViewCell.xib in Resources */ = {isa = PBXBuildFile; fileRef = 51EEE1972A2A02BB00816C0D /* DeleteTableViewCell.xib */; };
		51EEE19C2A2A0BDF00816C0D /* HeaderCollectionReusableView.swift in Sources */ = {isa = PBXBuildFile; fileRef = 51EEE19A2A2A0BDF00816C0D /* HeaderCollectionReusableView.swift */; };
		51EEE19D2A2A0BDF00816C0D /* HeaderCollectionReusableView.xib in Resources */ = {isa = PBXBuildFile; fileRef = 51EEE19B2A2A0BDF00816C0D /* HeaderCollectionReusableView.xib */; };
		51EEE1A02A2A125400816C0D /* FilterCollectionViewCell.swift in Sources */ = {isa = PBXBuildFile; fileRef = 51EEE19E2A2A125400816C0D /* FilterCollectionViewCell.swift */; };
		51EEE1A12A2A125400816C0D /* FilterCollectionViewCell.xib in Resources */ = {isa = PBXBuildFile; fileRef = 51EEE19F2A2A125400816C0D /* FilterCollectionViewCell.xib */; };
		51EEE1A42A2A16B800816C0D /* DocumentDetailsModel.swift in Sources */ = {isa = PBXBuildFile; fileRef = 51EEE1A32A2A16B800816C0D /* DocumentDetailsModel.swift */; };
		51FC40882A2A497500A9BB51 /* HeaderTableViewCell.swift in Sources */ = {isa = PBXBuildFile; fileRef = 51FC40862A2A497500A9BB51 /* HeaderTableViewCell.swift */; };
		51FC40892A2A497500A9BB51 /* HeaderTableViewCell.xib in Resources */ = {isa = PBXBuildFile; fileRef = 51FC40872A2A497500A9BB51 /* HeaderTableViewCell.xib */; };
/* End PBXBuildFile section */

/* Begin PBXFileReference section */
		5151E97E2A2B3E1B008699CD /* DocumentStatus.swift */ = {isa = PBXFileReference; lastKnownFileType = sourcecode.swift; path = DocumentStatus.swift; sourceTree = "<group>"; };
		5151E9812A2B5AA2008699CD /* FormViewController.swift */ = {isa = PBXFileReference; lastKnownFileType = sourcecode.swift; path = FormViewController.swift; sourceTree = "<group>"; };
		5151E9832A2B5C1F008699CD /* ActualGradientButton.swift */ = {isa = PBXFileReference; lastKnownFileType = sourcecode.swift; path = ActualGradientButton.swift; sourceTree = "<group>"; };
		5151E9852A2B6293008699CD /* UITextFieldCustomImage.swift */ = {isa = PBXFileReference; lastKnownFileType = sourcecode.swift; path = UITextFieldCustomImage.swift; sourceTree = "<group>"; };
		51C6DD6C2A30820D000E6E4C /* KeyboardHelper.swift */ = {isa = PBXFileReference; lastKnownFileType = sourcecode.swift; path = KeyboardHelper.swift; sourceTree = "<group>"; };
		51CD6D632A2DBA0500464C1F /* SectionDetailsModel.swift */ = {isa = PBXFileReference; lastKnownFileType = sourcecode.swift; path = SectionDetailsModel.swift; sourceTree = "<group>"; };
		51CD6D652A2DC0A800464C1F /* AppConstants.swift */ = {isa = PBXFileReference; lastKnownFileType = sourcecode.swift; path = AppConstants.swift; sourceTree = "<group>"; };
		51EEE1762A29D5E700816C0D /* ComponentsKT.app */ = {isa = PBXFileReference; explicitFileType = wrapper.application; includeInIndex = 0; path = ComponentsKT.app; sourceTree = BUILT_PRODUCTS_DIR; };
		51EEE1792A29D5E700816C0D /* AppDelegate.swift */ = {isa = PBXFileReference; lastKnownFileType = sourcecode.swift; path = AppDelegate.swift; sourceTree = "<group>"; };
		51EEE17B2A29D5E700816C0D /* SceneDelegate.swift */ = {isa = PBXFileReference; lastKnownFileType = sourcecode.swift; path = SceneDelegate.swift; sourceTree = "<group>"; };
		51EEE17D2A29D5E700816C0D /* ViewController.swift */ = {isa = PBXFileReference; lastKnownFileType = sourcecode.swift; path = ViewController.swift; sourceTree = "<group>"; };
		51EEE1802A29D5E700816C0D /* Base */ = {isa = PBXFileReference; lastKnownFileType = file.storyboard; name = Base; path = Base.lproj/Main.storyboard; sourceTree = "<group>"; };
		51EEE1822A29D5E800816C0D /* Assets.xcassets */ = {isa = PBXFileReference; lastKnownFileType = folder.assetcatalog; path = Assets.xcassets; sourceTree = "<group>"; };
		51EEE1852A29D5E800816C0D /* Base */ = {isa = PBXFileReference; lastKnownFileType = file.storyboard; name = Base; path = Base.lproj/LaunchScreen.storyboard; sourceTree = "<group>"; };
		51EEE1872A29D5E800816C0D /* Info.plist */ = {isa = PBXFileReference; lastKnownFileType = text.plist.xml; path = Info.plist; sourceTree = "<group>"; };
		51EEE18D2A29DEFF00816C0D /* TextFieldCustom.swift */ = {isa = PBXFileReference; lastKnownFileType = sourcecode.swift; path = TextFieldCustom.swift; sourceTree = "<group>"; };
		51EEE18F2A29E8C200816C0D /* RoundedBottomView.swift */ = {isa = PBXFileReference; lastKnownFileType = sourcecode.swift; path = RoundedBottomView.swift; sourceTree = "<group>"; };
		51EEE1922A29F3E300816C0D /* DocumentTableViewCell.swift */ = {isa = PBXFileReference; lastKnownFileType = sourcecode.swift; path = DocumentTableViewCell.swift; sourceTree = "<group>"; };
		51EEE1932A29F3E300816C0D /* DocumentTableViewCell.xib */ = {isa = PBXFileReference; lastKnownFileType = file.xib; path = DocumentTableViewCell.xib; sourceTree = "<group>"; };
		51EEE1962A2A02BB00816C0D /* DeleteTableViewCell.swift */ = {isa = PBXFileReference; lastKnownFileType = sourcecode.swift; path = DeleteTableViewCell.swift; sourceTree = "<group>"; };
		51EEE1972A2A02BB00816C0D /* DeleteTableViewCell.xib */ = {isa = PBXFileReference; lastKnownFileType = file.xib; path = DeleteTableViewCell.xib; sourceTree = "<group>"; };
		51EEE19A2A2A0BDF00816C0D /* HeaderCollectionReusableView.swift */ = {isa = PBXFileReference; lastKnownFileType = sourcecode.swift; path = HeaderCollectionReusableView.swift; sourceTree = "<group>"; };
		51EEE19B2A2A0BDF00816C0D /* HeaderCollectionReusableView.xib */ = {isa = PBXFileReference; lastKnownFileType = file.xib; path = HeaderCollectionReusableView.xib; sourceTree = "<group>"; };
		51EEE19E2A2A125400816C0D /* FilterCollectionViewCell.swift */ = {isa = PBXFileReference; lastKnownFileType = sourcecode.swift; path = FilterCollectionViewCell.swift; sourceTree = "<group>"; };
		51EEE19F2A2A125400816C0D /* FilterCollectionViewCell.xib */ = {isa = PBXFileReference; lastKnownFileType = file.xib; path = FilterCollectionViewCell.xib; sourceTree = "<group>"; };
		51EEE1A32A2A16B800816C0D /* DocumentDetailsModel.swift */ = {isa = PBXFileReference; lastKnownFileType = sourcecode.swift; path = DocumentDetailsModel.swift; sourceTree = "<group>"; };
		51FC40862A2A497500A9BB51 /* HeaderTableViewCell.swift */ = {isa = PBXFileReference; lastKnownFileType = sourcecode.swift; path = HeaderTableViewCell.swift; sourceTree = "<group>"; };
		51FC40872A2A497500A9BB51 /* HeaderTableViewCell.xib */ = {isa = PBXFileReference; lastKnownFileType = file.xib; path = HeaderTableViewCell.xib; sourceTree = "<group>"; };
/* End PBXFileReference section */

/* Begin PBXFrameworksBuildPhase section */
		51EEE1732A29D5E700816C0D /* Frameworks */ = {
			isa = PBXFrameworksBuildPhase;
			buildActionMask = 2147483647;
			files = (
			);
			runOnlyForDeploymentPostprocessing = 0;
		};
/* End PBXFrameworksBuildPhase section */

/* Begin PBXGroup section */
		5151E9802A2B5A82008699CD /* ViewControllers */ = {
			isa = PBXGroup;
			children = (
				51EEE17D2A29D5E700816C0D /* ViewController.swift */,
				5151E9812A2B5AA2008699CD /* FormViewController.swift */,
			);
			path = ViewControllers;
			sourceTree = "<group>";
		};
		51CD6D622A2DB3F500464C1F /* Helper */ = {
			isa = PBXGroup;
			children = (
				51CD6D652A2DC0A800464C1F /* AppConstants.swift */,
				51EEE18D2A29DEFF00816C0D /* TextFieldCustom.swift */,
				51EEE18F2A29E8C200816C0D /* RoundedBottomView.swift */,
				5151E9832A2B5C1F008699CD /* ActualGradientButton.swift */,
				5151E9852A2B6293008699CD /* UITextFieldCustomImage.swift */,
				51C6DD6C2A30820D000E6E4C /* KeyboardHelper.swift */,
			);
			path = Helper;
			sourceTree = "<group>";
		};
		51CD6D672A2DC2B800464C1F /* AppDelegate */ = {
			isa = PBXGroup;
			children = (
				51EEE1792A29D5E700816C0D /* AppDelegate.swift */,
				51EEE17B2A29D5E700816C0D /* SceneDelegate.swift */,
			);
			path = AppDelegate;
			sourceTree = "<group>";
		};
		51CD6D682A2DC30000464C1F /* Resources */ = {
			isa = PBXGroup;
			children = (
				51EEE1822A29D5E800816C0D /* Assets.xcassets */,
			);
			path = Resources;
			sourceTree = "<group>";
		};
		51EEE16D2A29D5E700816C0D = {
			isa = PBXGroup;
			children = (
				51EEE1782A29D5E700816C0D /* ComponentsKT */,
				51EEE1772A29D5E700816C0D /* Products */,
			);
			sourceTree = "<group>";
		};
		51EEE1772A29D5E700816C0D /* Products */ = {
			isa = PBXGroup;
			children = (
				51EEE1762A29D5E700816C0D /* ComponentsKT.app */,
			);
			name = Products;
			sourceTree = "<group>";
		};
		51EEE1782A29D5E700816C0D /* ComponentsKT */ = {
			isa = PBXGroup;
			children = (
				51CD6D672A2DC2B800464C1F /* AppDelegate */,
				51CD6D682A2DC30000464C1F /* Resources */,
				5151E9802A2B5A82008699CD /* ViewControllers */,
				51EEE1A22A2A139000816C0D /* Model */,
				51EEE1912A29F3B400816C0D /* View */,
				51EEE17F2A29D5E700816C0D /* Main.storyboard */,
				51EEE1842A29D5E800816C0D /* LaunchScreen.storyboard */,
				51EEE1872A29D5E800816C0D /* Info.plist */,
				51CD6D622A2DB3F500464C1F /* Helper */,
			);
			path = ComponentsKT;
			sourceTree = "<group>";
		};
		51EEE1912A29F3B400816C0D /* View */ = {
			isa = PBXGroup;
			children = (
				51EEE1922A29F3E300816C0D /* DocumentTableViewCell.swift */,
				51EEE1932A29F3E300816C0D /* DocumentTableViewCell.xib */,
				51EEE1962A2A02BB00816C0D /* DeleteTableViewCell.swift */,
				51EEE1972A2A02BB00816C0D /* DeleteTableViewCell.xib */,
				51EEE19A2A2A0BDF00816C0D /* HeaderCollectionReusableView.swift */,
				51EEE19B2A2A0BDF00816C0D /* HeaderCollectionReusableView.xib */,
				51EEE19E2A2A125400816C0D /* FilterCollectionViewCell.swift */,
				51EEE19F2A2A125400816C0D /* FilterCollectionViewCell.xib */,
				51FC40862A2A497500A9BB51 /* HeaderTableViewCell.swift */,
				51FC40872A2A497500A9BB51 /* HeaderTableViewCell.xib */,
			);
			path = View;
			sourceTree = "<group>";
		};
		51EEE1A22A2A139000816C0D /* Model */ = {
			isa = PBXGroup;
			children = (
				51EEE1A32A2A16B800816C0D /* DocumentDetailsModel.swift */,
				5151E97E2A2B3E1B008699CD /* DocumentStatus.swift */,
				51CD6D632A2DBA0500464C1F /* SectionDetailsModel.swift */,
			);
			path = Model;
			sourceTree = "<group>";
		};
/* End PBXGroup section */

/* Begin PBXNativeTarget section */
		51EEE1752A29D5E700816C0D /* ComponentsKT */ = {
			isa = PBXNativeTarget;
			buildConfigurationList = 51EEE18A2A29D5E800816C0D /* Build configuration list for PBXNativeTarget "ComponentsKT" */;
			buildPhases = (
				51EEE1722A29D5E700816C0D /* Sources */,
				51EEE1732A29D5E700816C0D /* Frameworks */,
				51EEE1742A29D5E700816C0D /* Resources */,
			);
			buildRules = (
			);
			dependencies = (
			);
			name = ComponentsKT;
			productName = ComponentsKT;
			productReference = 51EEE1762A29D5E700816C0D /* ComponentsKT.app */;
			productType = "com.apple.product-type.application";
		};
/* End PBXNativeTarget section */

/* Begin PBXProject section */
		51EEE16E2A29D5E700816C0D /* Project object */ = {
			isa = PBXProject;
			attributes = {
				BuildIndependentTargetsInParallel = 1;
				LastSwiftUpdateCheck = 1420;
				LastUpgradeCheck = 1420;
				TargetAttributes = {
					51EEE1752A29D5E700816C0D = {
						CreatedOnToolsVersion = 14.2;
					};
				};
			};
			buildConfigurationList = 51EEE1712A29D5E700816C0D /* Build configuration list for PBXProject "ComponentsKT" */;
			compatibilityVersion = "Xcode 14.0";
			developmentRegion = en;
			hasScannedForEncodings = 0;
			knownRegions = (
				en,
				Base,
			);
			mainGroup = 51EEE16D2A29D5E700816C0D;
			productRefGroup = 51EEE1772A29D5E700816C0D /* Products */;
			projectDirPath = "";
			projectRoot = "";
			targets = (
				51EEE1752A29D5E700816C0D /* ComponentsKT */,
			);
		};
/* End PBXProject section */

/* Begin PBXResourcesBuildPhase section */
		51EEE1742A29D5E700816C0D /* Resources */ = {
			isa = PBXResourcesBuildPhase;
			buildActionMask = 2147483647;
			files = (
				51EEE1952A29F3E300816C0D /* DocumentTableViewCell.xib in Resources */,
				51EEE1862A29D5E800816C0D /* LaunchScreen.storyboard in Resources */,
				51EEE19D2A2A0BDF00816C0D /* HeaderCollectionReusableView.xib in Resources */,
				51EEE1A12A2A125400816C0D /* FilterCollectionViewCell.xib in Resources */,
				51FC40892A2A497500A9BB51 /* HeaderTableViewCell.xib in Resources */,
				51EEE1832A29D5E800816C0D /* Assets.xcassets in Resources */,
				51EEE1992A2A02BB00816C0D /* DeleteTableViewCell.xib in Resources */,
				51EEE1812A29D5E700816C0D /* Main.storyboard in Resources */,
			);
			runOnlyForDeploymentPostprocessing = 0;
		};
/* End PBXResourcesBuildPhase section */

/* Begin PBXSourcesBuildPhase section */
		51EEE1722A29D5E700816C0D /* Sources */ = {
			isa = PBXSourcesBuildPhase;
			buildActionMask = 2147483647;
			files = (
				51CD6D642A2DBA0500464C1F /* SectionDetailsModel.swift in Sources */,
				51CD6D662A2DC0A800464C1F /* AppConstants.swift in Sources */,
				51EEE19C2A2A0BDF00816C0D /* HeaderCollectionReusableView.swift in Sources */,
				51EEE1A02A2A125400816C0D /* FilterCollectionViewCell.swift in Sources */,
				5151E9862A2B6293008699CD /* UITextFieldCustomImage.swift in Sources */,
				51EEE1982A2A02BB00816C0D /* DeleteTableViewCell.swift in Sources */,
				51C6DD6D2A30820D000E6E4C /* KeyboardHelper.swift in Sources */,
				51EEE1A42A2A16B800816C0D /* DocumentDetailsModel.swift in Sources */,
				51EEE18E2A29DEFF00816C0D /* TextFieldCustom.swift in Sources */,
				51FC40882A2A497500A9BB51 /* HeaderTableViewCell.swift in Sources */,
				5151E97F2A2B3E1B008699CD /* DocumentStatus.swift in Sources */,
				51EEE17E2A29D5E700816C0D /* ViewController.swift in Sources */,
				51EEE17A2A29D5E700816C0D /* AppDelegate.swift in Sources */,
				51EEE17C2A29D5E700816C0D /* SceneDelegate.swift in Sources */,
				51EEE1942A29F3E300816C0D /* DocumentTableViewCell.swift in Sources */,
				51EEE1902A29E8C200816C0D /* RoundedBottomView.swift in Sources */,
				5151E9822A2B5AA2008699CD /* FormViewController.swift in Sources */,
				5151E9842A2B5C1F008699CD /* ActualGradientButton.swift in Sources */,
			);
			runOnlyForDeploymentPostprocessing = 0;
		};
/* End PBXSourcesBuildPhase section */

/* Begin PBXVariantGroup section */
		51EEE17F2A29D5E700816C0D /* Main.storyboard */ = {
			isa = PBXVariantGroup;
			children = (
				51EEE1802A29D5E700816C0D /* Base */,
			);
			name = Main.storyboard;
			sourceTree = "<group>";
		};
		51EEE1842A29D5E800816C0D /* LaunchScreen.storyboard */ = {
			isa = PBXVariantGroup;
			children = (
				51EEE1852A29D5E800816C0D /* Base */,
			);
			name = LaunchScreen.storyboard;
			sourceTree = "<group>";
		};
/* End PBXVariantGroup section */

/* Begin XCBuildConfiguration section */
		51EEE1882A29D5E800816C0D /* Debug */ = {
			isa = XCBuildConfiguration;
			buildSettings = {
				ALWAYS_SEARCH_USER_PATHS = NO;
				CLANG_ANALYZER_NONNULL = YES;
				CLANG_ANALYZER_NUMBER_OBJECT_CONVERSION = YES_AGGRESSIVE;
				CLANG_CXX_LANGUAGE_STANDARD = "gnu++20";
				CLANG_ENABLE_MODULES = YES;
				CLANG_ENABLE_OBJC_ARC = YES;
				CLANG_ENABLE_OBJC_WEAK = YES;
				CLANG_WARN_BLOCK_CAPTURE_AUTORELEASING = YES;
				CLANG_WARN_BOOL_CONVERSION = YES;
				CLANG_WARN_COMMA = YES;
				CLANG_WARN_CONSTANT_CONVERSION = YES;
				CLANG_WARN_DEPRECATED_OBJC_IMPLEMENTATIONS = YES;
				CLANG_WARN_DIRECT_OBJC_ISA_USAGE = YES_ERROR;
				CLANG_WARN_DOCUMENTATION_COMMENTS = YES;
				CLANG_WARN_EMPTY_BODY = YES;
				CLANG_WARN_ENUM_CONVERSION = YES;
				CLANG_WARN_INFINITE_RECURSION = YES;
				CLANG_WARN_INT_CONVERSION = YES;
				CLANG_WARN_NON_LITERAL_NULL_CONVERSION = YES;
				CLANG_WARN_OBJC_IMPLICIT_RETAIN_SELF = YES;
				CLANG_WARN_OBJC_LITERAL_CONVERSION = YES;
				CLANG_WARN_OBJC_ROOT_CLASS = YES_ERROR;
				CLANG_WARN_QUOTED_INCLUDE_IN_FRAMEWORK_HEADER = YES;
				CLANG_WARN_RANGE_LOOP_ANALYSIS = YES;
				CLANG_WARN_STRICT_PROTOTYPES = YES;
				CLANG_WARN_SUSPICIOUS_MOVE = YES;
				CLANG_WARN_UNGUARDED_AVAILABILITY = YES_AGGRESSIVE;
				CLANG_WARN_UNREACHABLE_CODE = YES;
				CLANG_WARN__DUPLICATE_METHOD_MATCH = YES;
				COPY_PHASE_STRIP = NO;
				DEBUG_INFORMATION_FORMAT = dwarf;
				ENABLE_STRICT_OBJC_MSGSEND = YES;
				ENABLE_TESTABILITY = YES;
				GCC_C_LANGUAGE_STANDARD = gnu11;
				GCC_DYNAMIC_NO_PIC = NO;
				GCC_NO_COMMON_BLOCKS = YES;
				GCC_OPTIMIZATION_LEVEL = 0;
				GCC_PREPROCESSOR_DEFINITIONS = (
					"DEBUG=1",
					"$(inherited)",
				);
				GCC_WARN_64_TO_32_BIT_CONVERSION = YES;
				GCC_WARN_ABOUT_RETURN_TYPE = YES_ERROR;
				GCC_WARN_UNDECLARED_SELECTOR = YES;
				GCC_WARN_UNINITIALIZED_AUTOS = YES_AGGRESSIVE;
				GCC_WARN_UNUSED_FUNCTION = YES;
				GCC_WARN_UNUSED_VARIABLE = YES;
				IPHONEOS_DEPLOYMENT_TARGET = 16.2;
				MTL_ENABLE_DEBUG_INFO = INCLUDE_SOURCE;
				MTL_FAST_MATH = YES;
				ONLY_ACTIVE_ARCH = YES;
				SDKROOT = iphoneos;
				SWIFT_ACTIVE_COMPILATION_CONDITIONS = DEBUG;
				SWIFT_OPTIMIZATION_LEVEL = "-Onone";
			};
			name = Debug;
		};
		51EEE1892A29D5E800816C0D /* Release */ = {
			isa = XCBuildConfiguration;
			buildSettings = {
				ALWAYS_SEARCH_USER_PATHS = NO;
				CLANG_ANALYZER_NONNULL = YES;
				CLANG_ANALYZER_NUMBER_OBJECT_CONVERSION = YES_AGGRESSIVE;
				CLANG_CXX_LANGUAGE_STANDARD = "gnu++20";
				CLANG_ENABLE_MODULES = YES;
				CLANG_ENABLE_OBJC_ARC = YES;
				CLANG_ENABLE_OBJC_WEAK = YES;
				CLANG_WARN_BLOCK_CAPTURE_AUTORELEASING = YES;
				CLANG_WARN_BOOL_CONVERSION = YES;
				CLANG_WARN_COMMA = YES;
				CLANG_WARN_CONSTANT_CONVERSION = YES;
				CLANG_WARN_DEPRECATED_OBJC_IMPLEMENTATIONS = YES;
				CLANG_WARN_DIRECT_OBJC_ISA_USAGE = YES_ERROR;
				CLANG_WARN_DOCUMENTATION_COMMENTS = YES;
				CLANG_WARN_EMPTY_BODY = YES;
				CLANG_WARN_ENUM_CONVERSION = YES;
				CLANG_WARN_INFINITE_RECURSION = YES;
				CLANG_WARN_INT_CONVERSION = YES;
				CLANG_WARN_NON_LITERAL_NULL_CONVERSION = YES;
				CLANG_WARN_OBJC_IMPLICIT_RETAIN_SELF = YES;
				CLANG_WARN_OBJC_LITERAL_CONVERSION = YES;
				CLANG_WARN_OBJC_ROOT_CLASS = YES_ERROR;
				CLANG_WARN_QUOTED_INCLUDE_IN_FRAMEWORK_HEADER = YES;
				CLANG_WARN_RANGE_LOOP_ANALYSIS = YES;
				CLANG_WARN_STRICT_PROTOTYPES = YES;
				CLANG_WARN_SUSPICIOUS_MOVE = YES;
				CLANG_WARN_UNGUARDED_AVAILABILITY = YES_AGGRESSIVE;
				CLANG_WARN_UNREACHABLE_CODE = YES;
				CLANG_WARN__DUPLICATE_METHOD_MATCH = YES;
				COPY_PHASE_STRIP = NO;
				DEBUG_INFORMATION_FORMAT = "dwarf-with-dsym";
				ENABLE_NS_ASSERTIONS = NO;
				ENABLE_STRICT_OBJC_MSGSEND = YES;
				GCC_C_LANGUAGE_STANDARD = gnu11;
				GCC_NO_COMMON_BLOCKS = YES;
				GCC_WARN_64_TO_32_BIT_CONVERSION = YES;
				GCC_WARN_ABOUT_RETURN_TYPE = YES_ERROR;
				GCC_WARN_UNDECLARED_SELECTOR = YES;
				GCC_WARN_UNINITIALIZED_AUTOS = YES_AGGRESSIVE;
				GCC_WARN_UNUSED_FUNCTION = YES;
				GCC_WARN_UNUSED_VARIABLE = YES;
				IPHONEOS_DEPLOYMENT_TARGET = 16.2;
				MTL_ENABLE_DEBUG_INFO = NO;
				MTL_FAST_MATH = YES;
				SDKROOT = iphoneos;
				SWIFT_COMPILATION_MODE = wholemodule;
				SWIFT_OPTIMIZATION_LEVEL = "-O";
				VALIDATE_PRODUCT = YES;
			};
			name = Release;
		};
		51EEE18B2A29D5E800816C0D /* Debug */ = {
			isa = XCBuildConfiguration;
			buildSettings = {
				ASSETCATALOG_COMPILER_APPICON_NAME = AppIcon;
				ASSETCATALOG_COMPILER_GLOBAL_ACCENT_COLOR_NAME = AccentColor;
				CODE_SIGN_STYLE = Automatic;
				CURRENT_PROJECT_VERSION = 1;
				GENERATE_INFOPLIST_FILE = YES;
				INFOPLIST_FILE = ComponentsKT/Info.plist;
				INFOPLIST_KEY_UIApplicationSupportsIndirectInputEvents = YES;
				INFOPLIST_KEY_UILaunchStoryboardName = LaunchScreen;
				INFOPLIST_KEY_UIMainStoryboardFile = Main;
				INFOPLIST_KEY_UISupportedInterfaceOrientations_iPad = "UIInterfaceOrientationPortrait UIInterfaceOrientationPortraitUpsideDown UIInterfaceOrientationLandscapeLeft UIInterfaceOrientationLandscapeRight";
				INFOPLIST_KEY_UISupportedInterfaceOrientations_iPhone = "UIInterfaceOrientationPortrait UIInterfaceOrientationLandscapeLeft UIInterfaceOrientationLandscapeRight";
				LD_RUNPATH_SEARCH_PATHS = (
					"$(inherited)",
					"@executable_path/Frameworks",
				);
				MARKETING_VERSION = 1.0;
				PRODUCT_BUNDLE_IDENTIFIER = com.simform.ComponentsKT;
				PRODUCT_NAME = "$(TARGET_NAME)";
				SWIFT_EMIT_LOC_STRINGS = YES;
				SWIFT_VERSION = 5.0;
				TARGETED_DEVICE_FAMILY = "1,2";
			};
			name = Debug;
		};
		51EEE18C2A29D5E800816C0D /* Release */ = {
			isa = XCBuildConfiguration;
			buildSettings = {
				ASSETCATALOG_COMPILER_APPICON_NAME = AppIcon;
				ASSETCATALOG_COMPILER_GLOBAL_ACCENT_COLOR_NAME = AccentColor;
				CODE_SIGN_STYLE = Automatic;
				CURRENT_PROJECT_VERSION = 1;
				GENERATE_INFOPLIST_FILE = YES;
				INFOPLIST_FILE = ComponentsKT/Info.plist;
				INFOPLIST_KEY_UIApplicationSupportsIndirectInputEvents = YES;
				INFOPLIST_KEY_UILaunchStoryboardName = LaunchScreen;
				INFOPLIST_KEY_UIMainStoryboardFile = Main;
				INFOPLIST_KEY_UISupportedInterfaceOrientations_iPad = "UIInterfaceOrientationPortrait UIInterfaceOrientationPortraitUpsideDown UIInterfaceOrientationLandscapeLeft UIInterfaceOrientationLandscapeRight";
				INFOPLIST_KEY_UISupportedInterfaceOrientations_iPhone = "UIInterfaceOrientationPortrait UIInterfaceOrientationLandscapeLeft UIInterfaceOrientationLandscapeRight";
				LD_RUNPATH_SEARCH_PATHS = (
					"$(inherited)",
					"@executable_path/Frameworks",
				);
				MARKETING_VERSION = 1.0;
				PRODUCT_BUNDLE_IDENTIFIER = com.simform.ComponentsKT;
				PRODUCT_NAME = "$(TARGET_NAME)";
				SWIFT_EMIT_LOC_STRINGS = YES;
				SWIFT_VERSION = 5.0;
				TARGETED_DEVICE_FAMILY = "1,2";
			};
			name = Release;
		};
/* End XCBuildConfiguration section */

/* Begin XCConfigurationList section */
		51EEE1712A29D5E700816C0D /* Build configuration list for PBXProject "ComponentsKT" */ = {
			isa = XCConfigurationList;
			buildConfigurations = (
				51EEE1882A29D5E800816C0D /* Debug */,
				51EEE1892A29D5E800816C0D /* Release */,
			);
			defaultConfigurationIsVisible = 0;
			defaultConfigurationName = Release;
		};
		51EEE18A2A29D5E800816C0D /* Build configuration list for PBXNativeTarget "ComponentsKT" */ = {
			isa = XCConfigurationList;
			buildConfigurations = (
				51EEE18B2A29D5E800816C0D /* Debug */,
				51EEE18C2A29D5E800816C0D /* Release */,
			);
			defaultConfigurationIsVisible = 0;
			defaultConfigurationName = Release;
		};
/* End XCConfigurationList section */
	};
	rootObject = 51EEE16E2A29D5E700816C0D /* Project object */;
}
