// !$*UTF8*$!
{
	archiveVersion = 1;
	classes = {
	};
	objectVersion = 56;
	objects = {

/* Begin PBXBuildFile section */
		510DB00F2A14932D00AFF737 /* PracticeTableViewController.swift in Sources */ = {isa = PBXBuildFile; fileRef = 510DB00E2A14932D00AFF737 /* PracticeTableViewController.swift */; };
		515ABB502A0E486E009A3DE4 /* AppDelegate.swift in Sources */ = {isa = PBXBuildFile; fileRef = 515ABB4F2A0E486E009A3DE4 /* AppDelegate.swift */; };
		515ABB522A0E486E009A3DE4 /* SceneDelegate.swift in Sources */ = {isa = PBXBuildFile; fileRef = 515ABB512A0E486E009A3DE4 /* SceneDelegate.swift */; };
		515ABB542A0E486E009A3DE4 /* ViewController.swift in Sources */ = {isa = PBXBuildFile; fileRef = 515ABB532A0E486E009A3DE4 /* ViewController.swift */; };
		515ABB572A0E486E009A3DE4 /* Main.storyboard in Resources */ = {isa = PBXBuildFile; fileRef = 515ABB552A0E486E009A3DE4 /* Main.storyboard */; };
		515ABB592A0E486F009A3DE4 /* Assets.xcassets in Resources */ = {isa = PBXBuildFile; fileRef = 515ABB582A0E486F009A3DE4 /* Assets.xcassets */; };
		515ABB5C2A0E486F009A3DE4 /* LaunchScreen.storyboard in Resources */ = {isa = PBXBuildFile; fileRef = 515ABB5A2A0E486F009A3DE4 /* LaunchScreen.storyboard */; };
		515ABB652A0E550C009A3DE4 /* TableContentViewController.swift in Sources */ = {isa = PBXBuildFile; fileRef = 515ABB642A0E550C009A3DE4 /* TableContentViewController.swift */; };
		515ABB682A0E5579009A3DE4 /* IndexTableViewCell.swift in Sources */ = {isa = PBXBuildFile; fileRef = 515ABB662A0E5579009A3DE4 /* IndexTableViewCell.swift */; };
		515ABB692A0E5579009A3DE4 /* IndexTableViewCell.xib in Resources */ = {isa = PBXBuildFile; fileRef = 515ABB672A0E5579009A3DE4 /* IndexTableViewCell.xib */; };
		5188FA0B2A14FD8600696B25 /* ExpandableTableViewCell.swift in Sources */ = {isa = PBXBuildFile; fileRef = 5188FA092A14FD8600696B25 /* ExpandableTableViewCell.swift */; };
		5188FA0C2A14FD8600696B25 /* ExpandableTableViewCell.xib in Resources */ = {isa = PBXBuildFile; fileRef = 5188FA0A2A14FD8600696B25 /* ExpandableTableViewCell.xib */; };
		5188FA0E2A1501BC00696B25 /* ExpandableViewController.swift in Sources */ = {isa = PBXBuildFile; fileRef = 5188FA0D2A1501BC00696B25 /* ExpandableViewController.swift */; };
		5188FA102A1508CB00696B25 /* MemberDetailsModel.swift in Sources */ = {isa = PBXBuildFile; fileRef = 5188FA0F2A1508CB00696B25 /* MemberDetailsModel.swift */; };
		519BC2F12A12038B00AE6B38 /* EvenTableViewCell.swift in Sources */ = {isa = PBXBuildFile; fileRef = 519BC2EF2A12038B00AE6B38 /* EvenTableViewCell.swift */; };
		519BC2F22A12038B00AE6B38 /* EvenTableViewCell.xib in Resources */ = {isa = PBXBuildFile; fileRef = 519BC2F02A12038B00AE6B38 /* EvenTableViewCell.xib */; };
		519BC2F52A1233E200AE6B38 /* CompanyTableViewCell.swift in Sources */ = {isa = PBXBuildFile; fileRef = 519BC2F32A1233E200AE6B38 /* CompanyTableViewCell.swift */; };
		519BC2F62A1233E200AE6B38 /* CompanyTableViewCell.xib in Resources */ = {isa = PBXBuildFile; fileRef = 519BC2F42A1233E200AE6B38 /* CompanyTableViewCell.xib */; };
		519BC2FC2A12395F00AE6B38 /* CompanyTableViewController.swift in Sources */ = {isa = PBXBuildFile; fileRef = 519BC2FB2A12395F00AE6B38 /* CompanyTableViewController.swift */; };
		519BC2FE2A123D4400AE6B38 /* FindJobModel.swift in Sources */ = {isa = PBXBuildFile; fileRef = 519BC2FD2A123D4400AE6B38 /* FindJobModel.swift */; };
		51CD4C2F2A179667000F463F /* AppConstants.swift in Sources */ = {isa = PBXBuildFile; fileRef = 51CD4C2E2A179667000F463F /* AppConstants.swift */; };
/* End PBXBuildFile section */

/* Begin PBXFileReference section */
		510DB00E2A14932D00AFF737 /* PracticeTableViewController.swift */ = {isa = PBXFileReference; lastKnownFileType = sourcecode.swift; path = PracticeTableViewController.swift; sourceTree = "<group>"; };
		515ABB4C2A0E486E009A3DE4 /* TableView.app */ = {isa = PBXFileReference; explicitFileType = wrapper.application; includeInIndex = 0; path = TableView.app; sourceTree = BUILT_PRODUCTS_DIR; };
		515ABB4F2A0E486E009A3DE4 /* AppDelegate.swift */ = {isa = PBXFileReference; lastKnownFileType = sourcecode.swift; path = AppDelegate.swift; sourceTree = "<group>"; };
		515ABB512A0E486E009A3DE4 /* SceneDelegate.swift */ = {isa = PBXFileReference; lastKnownFileType = sourcecode.swift; path = SceneDelegate.swift; sourceTree = "<group>"; };
		515ABB532A0E486E009A3DE4 /* ViewController.swift */ = {isa = PBXFileReference; lastKnownFileType = sourcecode.swift; path = ViewController.swift; sourceTree = "<group>"; };
		515ABB562A0E486E009A3DE4 /* Base */ = {isa = PBXFileReference; lastKnownFileType = file.storyboard; name = Base; path = Base.lproj/Main.storyboard; sourceTree = "<group>"; };
		515ABB582A0E486F009A3DE4 /* Assets.xcassets */ = {isa = PBXFileReference; lastKnownFileType = folder.assetcatalog; path = Assets.xcassets; sourceTree = "<group>"; };
		515ABB5B2A0E486F009A3DE4 /* Base */ = {isa = PBXFileReference; lastKnownFileType = file.storyboard; name = Base; path = Base.lproj/LaunchScreen.storyboard; sourceTree = "<group>"; };
		515ABB5D2A0E486F009A3DE4 /* Info.plist */ = {isa = PBXFileReference; lastKnownFileType = text.plist.xml; path = Info.plist; sourceTree = "<group>"; };
		515ABB642A0E550C009A3DE4 /* TableContentViewController.swift */ = {isa = PBXFileReference; lastKnownFileType = sourcecode.swift; path = TableContentViewController.swift; sourceTree = "<group>"; };
		515ABB662A0E5579009A3DE4 /* IndexTableViewCell.swift */ = {isa = PBXFileReference; lastKnownFileType = sourcecode.swift; path = IndexTableViewCell.swift; sourceTree = "<group>"; };
		515ABB672A0E5579009A3DE4 /* IndexTableViewCell.xib */ = {isa = PBXFileReference; lastKnownFileType = file.xib; path = IndexTableViewCell.xib; sourceTree = "<group>"; };
		5188FA092A14FD8600696B25 /* ExpandableTableViewCell.swift */ = {isa = PBXFileReference; lastKnownFileType = sourcecode.swift; path = ExpandableTableViewCell.swift; sourceTree = "<group>"; };
		5188FA0A2A14FD8600696B25 /* ExpandableTableViewCell.xib */ = {isa = PBXFileReference; lastKnownFileType = file.xib; path = ExpandableTableViewCell.xib; sourceTree = "<group>"; };
		5188FA0D2A1501BC00696B25 /* ExpandableViewController.swift */ = {isa = PBXFileReference; lastKnownFileType = sourcecode.swift; path = ExpandableViewController.swift; sourceTree = "<group>"; };
		5188FA0F2A1508CB00696B25 /* MemberDetailsModel.swift */ = {isa = PBXFileReference; lastKnownFileType = sourcecode.swift; path = MemberDetailsModel.swift; sourceTree = "<group>"; };
		519BC2EF2A12038B00AE6B38 /* EvenTableViewCell.swift */ = {isa = PBXFileReference; lastKnownFileType = sourcecode.swift; path = EvenTableViewCell.swift; sourceTree = "<group>"; };
		519BC2F02A12038B00AE6B38 /* EvenTableViewCell.xib */ = {isa = PBXFileReference; lastKnownFileType = file.xib; path = EvenTableViewCell.xib; sourceTree = "<group>"; };
		519BC2F32A1233E200AE6B38 /* CompanyTableViewCell.swift */ = {isa = PBXFileReference; lastKnownFileType = sourcecode.swift; path = CompanyTableViewCell.swift; sourceTree = "<group>"; };
		519BC2F42A1233E200AE6B38 /* CompanyTableViewCell.xib */ = {isa = PBXFileReference; lastKnownFileType = file.xib; path = CompanyTableViewCell.xib; sourceTree = "<group>"; };
		519BC2FB2A12395F00AE6B38 /* CompanyTableViewController.swift */ = {isa = PBXFileReference; lastKnownFileType = sourcecode.swift; path = CompanyTableViewController.swift; sourceTree = "<group>"; };
		519BC2FD2A123D4400AE6B38 /* FindJobModel.swift */ = {isa = PBXFileReference; lastKnownFileType = sourcecode.swift; path = FindJobModel.swift; sourceTree = "<group>"; };
		51CD4C2E2A179667000F463F /* AppConstants.swift */ = {isa = PBXFileReference; lastKnownFileType = sourcecode.swift; path = AppConstants.swift; sourceTree = "<group>"; };
/* End PBXFileReference section */

/* Begin PBXFrameworksBuildPhase section */
		515ABB492A0E486E009A3DE4 /* Frameworks */ = {
			isa = PBXFrameworksBuildPhase;
			buildActionMask = 2147483647;
			files = (
			);
			runOnlyForDeploymentPostprocessing = 0;
		};
/* End PBXFrameworksBuildPhase section */

/* Begin PBXGroup section */
		5112E4982A1B4EAB0069AEF5 /* Models */ = {
			isa = PBXGroup;
			children = (
				519BC2FD2A123D4400AE6B38 /* FindJobModel.swift */,
				5188FA0F2A1508CB00696B25 /* MemberDetailsModel.swift */,
			);
			path = Models;
			sourceTree = "<group>";
		};
		515ABB432A0E486E009A3DE4 = {
			isa = PBXGroup;
			children = (
				515ABB4E2A0E486E009A3DE4 /* TableView */,
				515ABB4D2A0E486E009A3DE4 /* Products */,
			);
			sourceTree = "<group>";
		};
		515ABB4D2A0E486E009A3DE4 /* Products */ = {
			isa = PBXGroup;
			children = (
				515ABB4C2A0E486E009A3DE4 /* TableView.app */,
			);
			name = Products;
			sourceTree = "<group>";
		};
		515ABB4E2A0E486E009A3DE4 /* TableView */ = {
			isa = PBXGroup;
			children = (
				51CD4C2D2A17964C000F463F /* Helper */,
				519BC2FA2A12388500AE6B38 /* AppDelegate */,
				519BC2F92A1237E500AE6B38 /* ViewControllers */,
				515ABB632A0E54CC009A3DE4 /* Cells */,
				515ABB552A0E486E009A3DE4 /* Main.storyboard */,
				515ABB582A0E486F009A3DE4 /* Assets.xcassets */,
				515ABB5A2A0E486F009A3DE4 /* LaunchScreen.storyboard */,
				515ABB5D2A0E486F009A3DE4 /* Info.plist */,
				5112E4982A1B4EAB0069AEF5 /* Models */,
			);
			path = TableView;
			sourceTree = "<group>";
		};
		515ABB632A0E54CC009A3DE4 /* Cells */ = {
			isa = PBXGroup;
			children = (
				515ABB662A0E5579009A3DE4 /* IndexTableViewCell.swift */,
				515ABB672A0E5579009A3DE4 /* IndexTableViewCell.xib */,
				519BC2EF2A12038B00AE6B38 /* EvenTableViewCell.swift */,
				519BC2F02A12038B00AE6B38 /* EvenTableViewCell.xib */,
				519BC2F32A1233E200AE6B38 /* CompanyTableViewCell.swift */,
				519BC2F42A1233E200AE6B38 /* CompanyTableViewCell.xib */,
				5188FA092A14FD8600696B25 /* ExpandableTableViewCell.swift */,
				5188FA0A2A14FD8600696B25 /* ExpandableTableViewCell.xib */,
			);
			path = Cells;
			sourceTree = "<group>";
		};
		519BC2F92A1237E500AE6B38 /* ViewControllers */ = {
			isa = PBXGroup;
			children = (
				515ABB532A0E486E009A3DE4 /* ViewController.swift */,
				515ABB642A0E550C009A3DE4 /* TableContentViewController.swift */,
				519BC2FB2A12395F00AE6B38 /* CompanyTableViewController.swift */,
				510DB00E2A14932D00AFF737 /* PracticeTableViewController.swift */,
				5188FA0D2A1501BC00696B25 /* ExpandableViewController.swift */,
			);
			path = ViewControllers;
			sourceTree = "<group>";
		};
		519BC2FA2A12388500AE6B38 /* AppDelegate */ = {
			isa = PBXGroup;
			children = (
				515ABB512A0E486E009A3DE4 /* SceneDelegate.swift */,
				515ABB4F2A0E486E009A3DE4 /* AppDelegate.swift */,
			);
			path = AppDelegate;
			sourceTree = "<group>";
		};
		51CD4C2D2A17964C000F463F /* Helper */ = {
			isa = PBXGroup;
			children = (
				51CD4C2E2A179667000F463F /* AppConstants.swift */,
			);
			path = Helper;
			sourceTree = "<group>";
		};
/* End PBXGroup section */

/* Begin PBXNativeTarget section */
		515ABB4B2A0E486E009A3DE4 /* TableView */ = {
			isa = PBXNativeTarget;
			buildConfigurationList = 515ABB602A0E486F009A3DE4 /* Build configuration list for PBXNativeTarget "TableView" */;
			buildPhases = (
				515ABB482A0E486E009A3DE4 /* Sources */,
				515ABB492A0E486E009A3DE4 /* Frameworks */,
				515ABB4A2A0E486E009A3DE4 /* Resources */,
			);
			buildRules = (
			);
			dependencies = (
			);
			name = TableView;
			productName = TableView;
			productReference = 515ABB4C2A0E486E009A3DE4 /* TableView.app */;
			productType = "com.apple.product-type.application";
		};
/* End PBXNativeTarget section */

/* Begin PBXProject section */
		515ABB442A0E486E009A3DE4 /* Project object */ = {
			isa = PBXProject;
			attributes = {
				BuildIndependentTargetsInParallel = 1;
				LastSwiftUpdateCheck = 1420;
				LastUpgradeCheck = 1420;
				TargetAttributes = {
					515ABB4B2A0E486E009A3DE4 = {
						CreatedOnToolsVersion = 14.2;
					};
				};
			};
			buildConfigurationList = 515ABB472A0E486E009A3DE4 /* Build configuration list for PBXProject "TableView" */;
			compatibilityVersion = "Xcode 14.0";
			developmentRegion = en;
			hasScannedForEncodings = 0;
			knownRegions = (
				en,
				Base,
			);
			mainGroup = 515ABB432A0E486E009A3DE4;
			productRefGroup = 515ABB4D2A0E486E009A3DE4 /* Products */;
			projectDirPath = "";
			projectRoot = "";
			targets = (
				515ABB4B2A0E486E009A3DE4 /* TableView */,
			);
		};
/* End PBXProject section */

/* Begin PBXResourcesBuildPhase section */
		515ABB4A2A0E486E009A3DE4 /* Resources */ = {
			isa = PBXResourcesBuildPhase;
			buildActionMask = 2147483647;
			files = (
				515ABB5C2A0E486F009A3DE4 /* LaunchScreen.storyboard in Resources */,
				515ABB592A0E486F009A3DE4 /* Assets.xcassets in Resources */,
				5188FA0C2A14FD8600696B25 /* ExpandableTableViewCell.xib in Resources */,
				519BC2F22A12038B00AE6B38 /* EvenTableViewCell.xib in Resources */,
				519BC2F62A1233E200AE6B38 /* CompanyTableViewCell.xib in Resources */,
				515ABB692A0E5579009A3DE4 /* IndexTableViewCell.xib in Resources */,
				515ABB572A0E486E009A3DE4 /* Main.storyboard in Resources */,
			);
			runOnlyForDeploymentPostprocessing = 0;
		};
/* End PBXResourcesBuildPhase section */

/* Begin PBXSourcesBuildPhase section */
		515ABB482A0E486E009A3DE4 /* Sources */ = {
			isa = PBXSourcesBuildPhase;
			buildActionMask = 2147483647;
			files = (
				5188FA0E2A1501BC00696B25 /* ExpandableViewController.swift in Sources */,
				515ABB542A0E486E009A3DE4 /* ViewController.swift in Sources */,
				519BC2F12A12038B00AE6B38 /* EvenTableViewCell.swift in Sources */,
				5188FA0B2A14FD8600696B25 /* ExpandableTableViewCell.swift in Sources */,
				5188FA102A1508CB00696B25 /* MemberDetailsModel.swift in Sources */,
				519BC2FC2A12395F00AE6B38 /* CompanyTableViewController.swift in Sources */,
				515ABB682A0E5579009A3DE4 /* IndexTableViewCell.swift in Sources */,
				519BC2FE2A123D4400AE6B38 /* FindJobModel.swift in Sources */,
				519BC2F52A1233E200AE6B38 /* CompanyTableViewCell.swift in Sources */,
				515ABB502A0E486E009A3DE4 /* AppDelegate.swift in Sources */,
				515ABB652A0E550C009A3DE4 /* TableContentViewController.swift in Sources */,
				51CD4C2F2A179667000F463F /* AppConstants.swift in Sources */,
				510DB00F2A14932D00AFF737 /* PracticeTableViewController.swift in Sources */,
				515ABB522A0E486E009A3DE4 /* SceneDelegate.swift in Sources */,
			);
			runOnlyForDeploymentPostprocessing = 0;
		};
/* End PBXSourcesBuildPhase section */

/* Begin PBXVariantGroup section */
		515ABB552A0E486E009A3DE4 /* Main.storyboard */ = {
			isa = PBXVariantGroup;
			children = (
				515ABB562A0E486E009A3DE4 /* Base */,
			);
			name = Main.storyboard;
			sourceTree = "<group>";
		};
		515ABB5A2A0E486F009A3DE4 /* LaunchScreen.storyboard */ = {
			isa = PBXVariantGroup;
			children = (
				515ABB5B2A0E486F009A3DE4 /* Base */,
			);
			name = LaunchScreen.storyboard;
			sourceTree = "<group>";
		};
/* End PBXVariantGroup section */

/* Begin XCBuildConfiguration section */
		515ABB5E2A0E486F009A3DE4 /* Debug */ = {
			isa = XCBuildConfiguration;
			buildSettings = {
				ALWAYS_SEARCH_USER_PATHS = NO;
				CLANG_ANALYZER_NONNULL = YES;
				CLANG_ANALYZER_NUMBER_OBJECT_CONVERSION = YES_AGGRESSIVE;
				CLANG_CXX_LANGUAGE_STANDARD = "gnu++20";
				CLANG_ENABLE_MODULES = YES;
				CLANG_ENABLE_OBJC_ARC = YES;
				CLANG_ENABLE_OBJC_WEAK = YES;
				CLANG_WARN_BLOCK_CAPTURE_AUTORELEASING = YES;
				CLANG_WARN_BOOL_CONVERSION = YES;
				CLANG_WARN_COMMA = YES;
				CLANG_WARN_CONSTANT_CONVERSION = YES;
				CLANG_WARN_DEPRECATED_OBJC_IMPLEMENTATIONS = YES;
				CLANG_WARN_DIRECT_OBJC_ISA_USAGE = YES_ERROR;
				CLANG_WARN_DOCUMENTATION_COMMENTS = YES;
				CLANG_WARN_EMPTY_BODY = YES;
				CLANG_WARN_ENUM_CONVERSION = YES;
				CLANG_WARN_INFINITE_RECURSION = YES;
				CLANG_WARN_INT_CONVERSION = YES;
				CLANG_WARN_NON_LITERAL_NULL_CONVERSION = YES;
				CLANG_WARN_OBJC_IMPLICIT_RETAIN_SELF = YES;
				CLANG_WARN_OBJC_LITERAL_CONVERSION = YES;
				CLANG_WARN_OBJC_ROOT_CLASS = YES_ERROR;
				CLANG_WARN_QUOTED_INCLUDE_IN_FRAMEWORK_HEADER = YES;
				CLANG_WARN_RANGE_LOOP_ANALYSIS = YES;
				CLANG_WARN_STRICT_PROTOTYPES = YES;
				CLANG_WARN_SUSPICIOUS_MOVE = YES;
				CLANG_WARN_UNGUARDED_AVAILABILITY = YES_AGGRESSIVE;
				CLANG_WARN_UNREACHABLE_CODE = YES;
				CLANG_WARN__DUPLICATE_METHOD_MATCH = YES;
				COPY_PHASE_STRIP = NO;
				DEBUG_INFORMATION_FORMAT = dwarf;
				ENABLE_STRICT_OBJC_MSGSEND = YES;
				ENABLE_TESTABILITY = YES;
				GCC_C_LANGUAGE_STANDARD = gnu11;
				GCC_DYNAMIC_NO_PIC = NO;
				GCC_NO_COMMON_BLOCKS = YES;
				GCC_OPTIMIZATION_LEVEL = 0;
				GCC_PREPROCESSOR_DEFINITIONS = (
					"DEBUG=1",
					"$(inherited)",
				);
				GCC_WARN_64_TO_32_BIT_CONVERSION = YES;
				GCC_WARN_ABOUT_RETURN_TYPE = YES_ERROR;
				GCC_WARN_UNDECLARED_SELECTOR = YES;
				GCC_WARN_UNINITIALIZED_AUTOS = YES_AGGRESSIVE;
				GCC_WARN_UNUSED_FUNCTION = YES;
				GCC_WARN_UNUSED_VARIABLE = YES;
				IPHONEOS_DEPLOYMENT_TARGET = 16.2;
				MTL_ENABLE_DEBUG_INFO = INCLUDE_SOURCE;
				MTL_FAST_MATH = YES;
				ONLY_ACTIVE_ARCH = YES;
				SDKROOT = iphoneos;
				SWIFT_ACTIVE_COMPILATION_CONDITIONS = DEBUG;
				SWIFT_OPTIMIZATION_LEVEL = "-Onone";
			};
			name = Debug;
		};
		515ABB5F2A0E486F009A3DE4 /* Release */ = {
			isa = XCBuildConfiguration;
			buildSettings = {
				ALWAYS_SEARCH_USER_PATHS = NO;
				CLANG_ANALYZER_NONNULL = YES;
				CLANG_ANALYZER_NUMBER_OBJECT_CONVERSION = YES_AGGRESSIVE;
				CLANG_CXX_LANGUAGE_STANDARD = "gnu++20";
				CLANG_ENABLE_MODULES = YES;
				CLANG_ENABLE_OBJC_ARC = YES;
				CLANG_ENABLE_OBJC_WEAK = YES;
				CLANG_WARN_BLOCK_CAPTURE_AUTORELEASING = YES;
				CLANG_WARN_BOOL_CONVERSION = YES;
				CLANG_WARN_COMMA = YES;
				CLANG_WARN_CONSTANT_CONVERSION = YES;
				CLANG_WARN_DEPRECATED_OBJC_IMPLEMENTATIONS = YES;
				CLANG_WARN_DIRECT_OBJC_ISA_USAGE = YES_ERROR;
				CLANG_WARN_DOCUMENTATION_COMMENTS = YES;
				CLANG_WARN_EMPTY_BODY = YES;
				CLANG_WARN_ENUM_CONVERSION = YES;
				CLANG_WARN_INFINITE_RECURSION = YES;
				CLANG_WARN_INT_CONVERSION = YES;
				CLANG_WARN_NON_LITERAL_NULL_CONVERSION = YES;
				CLANG_WARN_OBJC_IMPLICIT_RETAIN_SELF = YES;
				CLANG_WARN_OBJC_LITERAL_CONVERSION = YES;
				CLANG_WARN_OBJC_ROOT_CLASS = YES_ERROR;
				CLANG_WARN_QUOTED_INCLUDE_IN_FRAMEWORK_HEADER = YES;
				CLANG_WARN_RANGE_LOOP_ANALYSIS = YES;
				CLANG_WARN_STRICT_PROTOTYPES = YES;
				CLANG_WARN_SUSPICIOUS_MOVE = YES;
				CLANG_WARN_UNGUARDED_AVAILABILITY = YES_AGGRESSIVE;
				CLANG_WARN_UNREACHABLE_CODE = YES;
				CLANG_WARN__DUPLICATE_METHOD_MATCH = YES;
				COPY_PHASE_STRIP = NO;
				DEBUG_INFORMATION_FORMAT = "dwarf-with-dsym";
				ENABLE_NS_ASSERTIONS = NO;
				ENABLE_STRICT_OBJC_MSGSEND = YES;
				GCC_C_LANGUAGE_STANDARD = gnu11;
				GCC_NO_COMMON_BLOCKS = YES;
				GCC_WARN_64_TO_32_BIT_CONVERSION = YES;
				GCC_WARN_ABOUT_RETURN_TYPE = YES_ERROR;
				GCC_WARN_UNDECLARED_SELECTOR = YES;
				GCC_WARN_UNINITIALIZED_AUTOS = YES_AGGRESSIVE;
				GCC_WARN_UNUSED_FUNCTION = YES;
				GCC_WARN_UNUSED_VARIABLE = YES;
				IPHONEOS_DEPLOYMENT_TARGET = 16.2;
				MTL_ENABLE_DEBUG_INFO = NO;
				MTL_FAST_MATH = YES;
				SDKROOT = iphoneos;
				SWIFT_COMPILATION_MODE = wholemodule;
				SWIFT_OPTIMIZATION_LEVEL = "-O";
				VALIDATE_PRODUCT = YES;
			};
			name = Release;
		};
		515ABB612A0E486F009A3DE4 /* Debug */ = {
			isa = XCBuildConfiguration;
			buildSettings = {
				ASSETCATALOG_COMPILER_APPICON_NAME = AppIcon;
				ASSETCATALOG_COMPILER_GLOBAL_ACCENT_COLOR_NAME = AccentColor;
				CODE_SIGN_STYLE = Automatic;
				CURRENT_PROJECT_VERSION = 1;
				GENERATE_INFOPLIST_FILE = YES;
				INFOPLIST_FILE = TableView/Info.plist;
				INFOPLIST_KEY_UIApplicationSupportsIndirectInputEvents = YES;
				INFOPLIST_KEY_UILaunchStoryboardName = LaunchScreen;
				INFOPLIST_KEY_UIMainStoryboardFile = Main;
				INFOPLIST_KEY_UISupportedInterfaceOrientations_iPad = "UIInterfaceOrientationPortrait UIInterfaceOrientationPortraitUpsideDown UIInterfaceOrientationLandscapeLeft UIInterfaceOrientationLandscapeRight";
				INFOPLIST_KEY_UISupportedInterfaceOrientations_iPhone = "UIInterfaceOrientationPortrait UIInterfaceOrientationLandscapeLeft UIInterfaceOrientationLandscapeRight";
				LD_RUNPATH_SEARCH_PATHS = (
					"$(inherited)",
					"@executable_path/Frameworks",
				);
				MARKETING_VERSION = 1.0;
				PRODUCT_BUNDLE_IDENTIFIER = com.simform.TableView;
				PRODUCT_NAME = "$(TARGET_NAME)";
				SWIFT_EMIT_LOC_STRINGS = YES;
				SWIFT_VERSION = 5.0;
				TARGETED_DEVICE_FAMILY = "1,2";
			};
			name = Debug;
		};
		515ABB622A0E486F009A3DE4 /* Release */ = {
			isa = XCBuildConfiguration;
			buildSettings = {
				ASSETCATALOG_COMPILER_APPICON_NAME = AppIcon;
				ASSETCATALOG_COMPILER_GLOBAL_ACCENT_COLOR_NAME = AccentColor;
				CODE_SIGN_STYLE = Automatic;
				CURRENT_PROJECT_VERSION = 1;
				GENERATE_INFOPLIST_FILE = YES;
				INFOPLIST_FILE = TableView/Info.plist;
				INFOPLIST_KEY_UIApplicationSupportsIndirectInputEvents = YES;
				INFOPLIST_KEY_UILaunchStoryboardName = LaunchScreen;
				INFOPLIST_KEY_UIMainStoryboardFile = Main;
				INFOPLIST_KEY_UISupportedInterfaceOrientations_iPad = "UIInterfaceOrientationPortrait UIInterfaceOrientationPortraitUpsideDown UIInterfaceOrientationLandscapeLeft UIInterfaceOrientationLandscapeRight";
				INFOPLIST_KEY_UISupportedInterfaceOrientations_iPhone = "UIInterfaceOrientationPortrait UIInterfaceOrientationLandscapeLeft UIInterfaceOrientationLandscapeRight";
				LD_RUNPATH_SEARCH_PATHS = (
					"$(inherited)",
					"@executable_path/Frameworks",
				);
				MARKETING_VERSION = 1.0;
				PRODUCT_BUNDLE_IDENTIFIER = com.simform.TableView;
				PRODUCT_NAME = "$(TARGET_NAME)";
				SWIFT_EMIT_LOC_STRINGS = YES;
				SWIFT_VERSION = 5.0;
				TARGETED_DEVICE_FAMILY = "1,2";
			};
			name = Release;
		};
/* End XCBuildConfiguration section */

/* Begin XCConfigurationList section */
		515ABB472A0E486E009A3DE4 /* Build configuration list for PBXProject "TableView" */ = {
			isa = XCConfigurationList;
			buildConfigurations = (
				515ABB5E2A0E486F009A3DE4 /* Debug */,
				515ABB5F2A0E486F009A3DE4 /* Release */,
			);
			defaultConfigurationIsVisible = 0;
			defaultConfigurationName = Release;
		};
		515ABB602A0E486F009A3DE4 /* Build configuration list for PBXNativeTarget "TableView" */ = {
			isa = XCConfigurationList;
			buildConfigurations = (
				515ABB612A0E486F009A3DE4 /* Debug */,
				515ABB622A0E486F009A3DE4 /* Release */,
			);
			defaultConfigurationIsVisible = 0;
			defaultConfigurationName = Release;
		};
/* End XCConfigurationList section */
	};
	rootObject = 515ABB442A0E486E009A3DE4 /* Project object */;
}
